PODS:
  - NSDate+TimeAgo (1.0.2)
  - UIImage-Categories (0.1.0)

DEPENDENCIES:
  - NSDate+TimeAgo (from `https://github.com/jvatic/NSDate-TimeAgo.git`)
  - UIImage-Categories (from `https://github.com/titanous/UIImage-Categories.git`)

EXTERNAL SOURCES:
  NSDate+TimeAgo:
    :git: https://github.com/jvatic/NSDate-TimeAgo.git
  UIImage-Categories:
    :git: https://github.com/titanous/UIImage-Categories.git

SPEC CHECKSUMS:
  NSDate+TimeAgo: fe93d3042e83093ae3630bc47ae7d57f782733f6
  UIImage-Categories: 70daa534555dbe4af0551dcc4e0d45c7486d145c

COCOAPODS: 0.22.2
