PODS:
  - UIImage-Categories (0.0.1)

DEPENDENCIES:
  - UIImage-Categories (from `https://github.com/berg/UIImage-Categories.git`, commit `400edbf50e`)

EXTERNAL SOURCES:
  UIImage-Categories:
    :commit: 400edbf50e
    :git: https://github.com/berg/UIImage-Categories.git

SPEC CHECKSUMS:
  UIImage-Categories: 5e1dd3ff131cf9ec72f151ad6c3cb710c32a0807

COCOAPODS: 0.22.2
