// !$*UTF8*$!
{
	archiveVersion = 1;
	classes = {
	};
	objectVersion = 46;
	objects = {

/* Begin PBXBuildFile section */
		2F7C53DACB0F4BF69A00A9CF /* libPods.a in Frameworks */ = {isa = PBXBuildFile; fileRef = F71820E194564976ABA14608 /* libPods.a */; };
		883AF3E8179C7B5600305E40 /* 1.jpg in Resources */ = {isa = PBXBuildFile; fileRef = 883AF394179C7B5600305E40 /* 1.jpg */; };
		883AF3E9179C7B5600305E40 /* 2.jpg in Resources */ = {isa = PBXBuildFile; fileRef = 883AF395179C7B5600305E40 /* 2.jpg */; };
		883AF3EA179C7B5600305E40 /* 3.jpg in Resources */ = {isa = PBXBuildFile; fileRef = 883AF396179C7B5600305E40 /* 3.jpg */; };
		883AF3EB179C7B5600305E40 /* 4.jpg in Resources */ = {isa = PBXBuildFile; fileRef = 883AF397179C7B5600305E40 /* 4.jpg */; };
		883AF3EC179C7B5600305E40 /* 5.jpg in Resources */ = {isa = PBXBuildFile; fileRef = 883AF398179C7B5600305E40 /* 5.jpg */; };
		883AF3ED179C7B5600305E40 /* 6.jpg in Resources */ = {isa = PBXBuildFile; fileRef = 883AF399179C7B5600305E40 /* 6.jpg */; };
		883AF3EE179C7B5600305E40 /* 7.jpg in Resources */ = {isa = PBXBuildFile; fileRef = 883AF39A179C7B5600305E40 /* 7.jpg */; };
		883AF3EF179C7B5600305E40 /* 8.jpg in Resources */ = {isa = PBXBuildFile; fileRef = 883AF39B179C7B5600305E40 /* 8.jpg */; };
		883AF3F0179C7B5600305E40 /* 9.jpg in Resources */ = {isa = PBXBuildFile; fileRef = 883AF39C179C7B5600305E40 /* 9.jpg */; };
		883AF3F1179C7B5600305E40 /* 10.jpg in Resources */ = {isa = PBXBuildFile; fileRef = 883AF39D179C7B5600305E40 /* 10.jpg */; };
		883AF3F2179C7B5600305E40 /* 11.jpg in Resources */ = {isa = PBXBuildFile; fileRef = 883AF39E179C7B5600305E40 /* 11.jpg */; };
		883AF3F3179C7B5600305E40 /* 12.jpg in Resources */ = {isa = PBXBuildFile; fileRef = 883AF39F179C7B5600305E40 /* 12.jpg */; };
		883AF3F4179C7B5600305E40 /* 13.jpg in Resources */ = {isa = PBXBuildFile; fileRef = 883AF3A0179C7B5600305E40 /* 13.jpg */; };
		883AF3F5179C7B5600305E40 /* 14.jpg in Resources */ = {isa = PBXBuildFile; fileRef = 883AF3A1179C7B5600305E40 /* 14.jpg */; };
		883AF3F6179C7B5600305E40 /* 15.jpg in Resources */ = {isa = PBXBuildFile; fileRef = 883AF3A2179C7B5600305E40 /* 15.jpg */; };
		883AF3F7179C7B5600305E40 /* 16.jpg in Resources */ = {isa = PBXBuildFile; fileRef = 883AF3A3179C7B5600305E40 /* 16.jpg */; };
		883AF3F8179C7B5600305E40 /* 17.jpg in Resources */ = {isa = PBXBuildFile; fileRef = 883AF3A4179C7B5600305E40 /* 17.jpg */; };
		883AF3F9179C7B5600305E40 /* 18.jpg in Resources */ = {isa = PBXBuildFile; fileRef = 883AF3A5179C7B5600305E40 /* 18.jpg */; };
		883AF3FA179C7B5600305E40 /* 19.jpg in Resources */ = {isa = PBXBuildFile; fileRef = 883AF3A6179C7B5600305E40 /* 19.jpg */; };
		883AF3FB179C7B5600305E40 /* 20.jpg in Resources */ = {isa = PBXBuildFile; fileRef = 883AF3A7179C7B5600305E40 /* 20.jpg */; };
		883AF3FC179C7B5600305E40 /* 21.jpg in Resources */ = {isa = PBXBuildFile; fileRef = 883AF3A8179C7B5600305E40 /* 21.jpg */; };
		883AF3FD179C7B5600305E40 /* 22.jpg in Resources */ = {isa = PBXBuildFile; fileRef = 883AF3A9179C7B5600305E40 /* 22.jpg */; };
		883AF3FE179C7B5600305E40 /* 23.jpg in Resources */ = {isa = PBXBuildFile; fileRef = 883AF3AA179C7B5600305E40 /* 23.jpg */; };
		883AF3FF179C7B5600305E40 /* 24.jpg in Resources */ = {isa = PBXBuildFile; fileRef = 883AF3AB179C7B5600305E40 /* 24.jpg */; };
		883AF400179C7B5600305E40 /* 25.jpg in Resources */ = {isa = PBXBuildFile; fileRef = 883AF3AC179C7B5600305E40 /* 25.jpg */; };
		883AF401179C7B5600305E40 /* 26.jpg in Resources */ = {isa = PBXBuildFile; fileRef = 883AF3AD179C7B5600305E40 /* 26.jpg */; };
		883AF402179C7B5600305E40 /* 27.jpg in Resources */ = {isa = PBXBuildFile; fileRef = 883AF3AE179C7B5600305E40 /* 27.jpg */; };
		883AF403179C7B5600305E40 /* 28.jpg in Resources */ = {isa = PBXBuildFile; fileRef = 883AF3AF179C7B5600305E40 /* 28.jpg */; };
		883AF404179C7B5600305E40 /* 29.jpg in Resources */ = {isa = PBXBuildFile; fileRef = 883AF3B0179C7B5600305E40 /* 29.jpg */; };
		883AF405179C7B5600305E40 /* 30.jpg in Resources */ = {isa = PBXBuildFile; fileRef = 883AF3B1179C7B5600305E40 /* 30.jpg */; };
		883AF406179C7B5600305E40 /* 31.jpg in Resources */ = {isa = PBXBuildFile; fileRef = 883AF3B2179C7B5600305E40 /* 31.jpg */; };
		883AF407179C7B5600305E40 /* 32.jpg in Resources */ = {isa = PBXBuildFile; fileRef = 883AF3B3179C7B5600305E40 /* 32.jpg */; };
		883AF408179C7B5600305E40 /* 33.jpg in Resources */ = {isa = PBXBuildFile; fileRef = 883AF3B4179C7B5600305E40 /* 33.jpg */; };
		883AF409179C7B5600305E40 /* 34.jpg in Resources */ = {isa = PBXBuildFile; fileRef = 883AF3B5179C7B5600305E40 /* 34.jpg */; };
		883AF40A179C7B5600305E40 /* 35.jpg in Resources */ = {isa = PBXBuildFile; fileRef = 883AF3B6179C7B5600305E40 /* 35.jpg */; };
		883AF40B179C7B5600305E40 /* 36.jpg in Resources */ = {isa = PBXBuildFile; fileRef = 883AF3B7179C7B5600305E40 /* 36.jpg */; };
		883AF40C179C7B5600305E40 /* 37.jpg in Resources */ = {isa = PBXBuildFile; fileRef = 883AF3B8179C7B5600305E40 /* 37.jpg */; };
		883AF40D179C7B5600305E40 /* 38.jpg in Resources */ = {isa = PBXBuildFile; fileRef = 883AF3B9179C7B5600305E40 /* 38.jpg */; };
		883AF40E179C7B5600305E40 /* 39.jpg in Resources */ = {isa = PBXBuildFile; fileRef = 883AF3BA179C7B5600305E40 /* 39.jpg */; };
		883AF40F179C7B5600305E40 /* 40.jpg in Resources */ = {isa = PBXBuildFile; fileRef = 883AF3BB179C7B5600305E40 /* 40.jpg */; };
		883AF410179C7B5600305E40 /* 41.jpg in Resources */ = {isa = PBXBuildFile; fileRef = 883AF3BC179C7B5600305E40 /* 41.jpg */; };
		883AF411179C7B5600305E40 /* 42.jpg in Resources */ = {isa = PBXBuildFile; fileRef = 883AF3BD179C7B5600305E40 /* 42.jpg */; };
		883AF412179C7B5600305E40 /* 43.jpg in Resources */ = {isa = PBXBuildFile; fileRef = 883AF3BE179C7B5600305E40 /* 43.jpg */; };
		883AF413179C7B5600305E40 /* 44.jpg in Resources */ = {isa = PBXBuildFile; fileRef = 883AF3BF179C7B5600305E40 /* 44.jpg */; };
		883AF414179C7B5600305E40 /* 45.jpg in Resources */ = {isa = PBXBuildFile; fileRef = 883AF3C0179C7B5600305E40 /* 45.jpg */; };
		883AF415179C7B5600305E40 /* 46.jpg in Resources */ = {isa = PBXBuildFile; fileRef = 883AF3C1179C7B5600305E40 /* 46.jpg */; };
		883AF416179C7B5600305E40 /* 47.jpg in Resources */ = {isa = PBXBuildFile; fileRef = 883AF3C2179C7B5600305E40 /* 47.jpg */; };
		883AF417179C7B5600305E40 /* 48.jpg in Resources */ = {isa = PBXBuildFile; fileRef = 883AF3C3179C7B5600305E40 /* 48.jpg */; };
		883AF418179C7B5600305E40 /* 49.jpg in Resources */ = {isa = PBXBuildFile; fileRef = 883AF3C4179C7B5600305E40 /* 49.jpg */; };
		883AF419179C7B5600305E40 /* 50.jpg in Resources */ = {isa = PBXBuildFile; fileRef = 883AF3C5179C7B5600305E40 /* 50.jpg */; };
		883AF41A179C7B5600305E40 /* 51.jpg in Resources */ = {isa = PBXBuildFile; fileRef = 883AF3C6179C7B5600305E40 /* 51.jpg */; };
		883AF41B179C7B5600305E40 /* 52.jpg in Resources */ = {isa = PBXBuildFile; fileRef = 883AF3C7179C7B5600305E40 /* 52.jpg */; };
		883AF41C179C7B5600305E40 /* 53.jpg in Resources */ = {isa = PBXBuildFile; fileRef = 883AF3C8179C7B5600305E40 /* 53.jpg */; };
		883AF41D179C7B5600305E40 /* 54.jpg in Resources */ = {isa = PBXBuildFile; fileRef = 883AF3C9179C7B5600305E40 /* 54.jpg */; };
		883AF41E179C7B5600305E40 /* 55.jpg in Resources */ = {isa = PBXBuildFile; fileRef = 883AF3CA179C7B5600305E40 /* 55.jpg */; };
		883AF41F179C7B5600305E40 /* 56.jpg in Resources */ = {isa = PBXBuildFile; fileRef = 883AF3CB179C7B5600305E40 /* 56.jpg */; };
		883AF420179C7B5600305E40 /* 57.jpg in Resources */ = {isa = PBXBuildFile; fileRef = 883AF3CC179C7B5600305E40 /* 57.jpg */; };
		883AF421179C7B5600305E40 /* 58.jpg in Resources */ = {isa = PBXBuildFile; fileRef = 883AF3CD179C7B5600305E40 /* 58.jpg */; };
		883AF422179C7B5600305E40 /* 59.jpg in Resources */ = {isa = PBXBuildFile; fileRef = 883AF3CE179C7B5600305E40 /* 59.jpg */; };
		883AF423179C7B5600305E40 /* 60.jpg in Resources */ = {isa = PBXBuildFile; fileRef = 883AF3CF179C7B5600305E40 /* 60.jpg */; };
		883AF424179C7B5600305E40 /* 61.jpg in Resources */ = {isa = PBXBuildFile; fileRef = 883AF3D0179C7B5600305E40 /* 61.jpg */; };
		883AF425179C7B5600305E40 /* 62.jpg in Resources */ = {isa = PBXBuildFile; fileRef = 883AF3D1179C7B5600305E40 /* 62.jpg */; };
		883AF426179C7B5600305E40 /* 63.jpg in Resources */ = {isa = PBXBuildFile; fileRef = 883AF3D2179C7B5600305E40 /* 63.jpg */; };
		883AF427179C7B5600305E40 /* 64.jpg in Resources */ = {isa = PBXBuildFile; fileRef = 883AF3D3179C7B5600305E40 /* 64.jpg */; };
		883AF428179C7B5600305E40 /* 65.jpg in Resources */ = {isa = PBXBuildFile; fileRef = 883AF3D4179C7B5600305E40 /* 65.jpg */; };
		883AF429179C7B5600305E40 /* 66.jpg in Resources */ = {isa = PBXBuildFile; fileRef = 883AF3D5179C7B5600305E40 /* 66.jpg */; };
		883AF42A179C7B5600305E40 /* 67.jpg in Resources */ = {isa = PBXBuildFile; fileRef = 883AF3D6179C7B5600305E40 /* 67.jpg */; };
		883AF42B179C7B5600305E40 /* 68.jpg in Resources */ = {isa = PBXBuildFile; fileRef = 883AF3D7179C7B5600305E40 /* 68.jpg */; };
		883AF42C179C7B5600305E40 /* 69.jpg in Resources */ = {isa = PBXBuildFile; fileRef = 883AF3D8179C7B5600305E40 /* 69.jpg */; };
		883AF42D179C7B5600305E40 /* 70.jpg in Resources */ = {isa = PBXBuildFile; fileRef = 883AF3D9179C7B5600305E40 /* 70.jpg */; };
		883AF42E179C7B5600305E40 /* 71.jpg in Resources */ = {isa = PBXBuildFile; fileRef = 883AF3DA179C7B5600305E40 /* 71.jpg */; };
		883AF42F179C7B5600305E40 /* 72.jpg in Resources */ = {isa = PBXBuildFile; fileRef = 883AF3DB179C7B5600305E40 /* 72.jpg */; };
		883AF430179C7B5600305E40 /* 73.jpg in Resources */ = {isa = PBXBuildFile; fileRef = 883AF3DC179C7B5600305E40 /* 73.jpg */; };
		883AF431179C7B5600305E40 /* 74.jpg in Resources */ = {isa = PBXBuildFile; fileRef = 883AF3DD179C7B5600305E40 /* 74.jpg */; };
		883AF432179C7B5600305E40 /* 75.jpg in Resources */ = {isa = PBXBuildFile; fileRef = 883AF3DE179C7B5600305E40 /* 75.jpg */; };
		883AF433179C7B5600305E40 /* 76.jpg in Resources */ = {isa = PBXBuildFile; fileRef = 883AF3DF179C7B5600305E40 /* 76.jpg */; };
		883AF434179C7B5600305E40 /* 77.jpg in Resources */ = {isa = PBXBuildFile; fileRef = 883AF3E0179C7B5600305E40 /* 77.jpg */; };
		883AF435179C7B5600305E40 /* 78.jpg in Resources */ = {isa = PBXBuildFile; fileRef = 883AF3E1179C7B5600305E40 /* 78.jpg */; };
		883AF436179C7B5600305E40 /* 79.jpg in Resources */ = {isa = PBXBuildFile; fileRef = 883AF3E2179C7B5600305E40 /* 79.jpg */; };
		883AF437179C7B5600305E40 /* 80.jpg in Resources */ = {isa = PBXBuildFile; fileRef = 883AF3E3179C7B5600305E40 /* 80.jpg */; };
		883AF438179C7B5600305E40 /* 81.jpg in Resources */ = {isa = PBXBuildFile; fileRef = 883AF3E4179C7B5600305E40 /* 81.jpg */; };
		883AF439179C7B5600305E40 /* 82.jpg in Resources */ = {isa = PBXBuildFile; fileRef = 883AF3E5179C7B5600305E40 /* 82.jpg */; };
		883AF43A179C7B5600305E40 /* 83.jpg in Resources */ = {isa = PBXBuildFile; fileRef = 883AF3E6179C7B5600305E40 /* 83.jpg */; };
		883AF43B179C7B5600305E40 /* 84.jpg in Resources */ = {isa = PBXBuildFile; fileRef = 883AF3E7179C7B5600305E40 /* 84.jpg */; };
		885429C4179CAB12009F8F78 /* ContactTableCell.m in Sources */ = {isa = PBXBuildFile; fileRef = 885429C3179CAB12009F8F78 /* ContactTableCell.m */; };
		885429CB179DA471009F8F78 /* ConversationViewController.m in Sources */ = {isa = PBXBuildFile; fileRef = 885429CA179DA471009F8F78 /* ConversationViewController.m */; };
		88DA4AD9179B82C9006ECD0A /* Foundation.framework in Frameworks */ = {isa = PBXBuildFile; fileRef = 88DA4AD8179B82C9006ECD0A /* Foundation.framework */; };
		88DA4ADB179B82C9006ECD0A /* CoreGraphics.framework in Frameworks */ = {isa = PBXBuildFile; fileRef = 88DA4ADA179B82C9006ECD0A /* CoreGraphics.framework */; };
		88DA4ADD179B82C9006ECD0A /* UIKit.framework in Frameworks */ = {isa = PBXBuildFile; fileRef = 88DA4ADC179B82C9006ECD0A /* UIKit.framework */; };
		88DA4AE3179B82C9006ECD0A /* InfoPlist.strings in Resources */ = {isa = PBXBuildFile; fileRef = 88DA4AE1179B82C9006ECD0A /* InfoPlist.strings */; };
		88DA4AE5179B82C9006ECD0A /* main.m in Sources */ = {isa = PBXBuildFile; fileRef = 88DA4AE4179B82C9006ECD0A /* main.m */; };
		88DA4AE9179B82C9006ECD0A /* AppDelegate.m in Sources */ = {isa = PBXBuildFile; fileRef = 88DA4AE8179B82C9006ECD0A /* AppDelegate.m */; };
		88DA4AEB179B82C9006ECD0A /* Images.xcassets in Resources */ = {isa = PBXBuildFile; fileRef = 88DA4AEA179B82C9006ECD0A /* Images.xcassets */; };
		88DA4AF2179B82C9006ECD0A /* XCTest.framework in Frameworks */ = {isa = PBXBuildFile; fileRef = 88DA4AF1179B82C9006ECD0A /* XCTest.framework */; };
		88DA4AF3179B82C9006ECD0A /* Foundation.framework in Frameworks */ = {isa = PBXBuildFile; fileRef = 88DA4AD8179B82C9006ECD0A /* Foundation.framework */; };
		88DA4AF4179B82C9006ECD0A /* UIKit.framework in Frameworks */ = {isa = PBXBuildFile; fileRef = 88DA4ADC179B82C9006ECD0A /* UIKit.framework */; };
		88DA4AFC179B82C9006ECD0A /* InfoPlist.strings in Resources */ = {isa = PBXBuildFile; fileRef = 88DA4AFA179B82C9006ECD0A /* InfoPlist.strings */; };
		88DA4AFE179B82C9006ECD0A /* MessagesTests.m in Sources */ = {isa = PBXBuildFile; fileRef = 88DA4AFD179B82C9006ECD0A /* MessagesTests.m */; };
		88DA4B08179B82EF006ECD0A /* Main.storyboard in Resources */ = {isa = PBXBuildFile; fileRef = 88DA4B07179B82EF006ECD0A /* Main.storyboard */; };
		88DA4B0E179B84A2006ECD0A /* ConversationsViewController.m in Sources */ = {isa = PBXBuildFile; fileRef = 88DA4B0D179B84A2006ECD0A /* ConversationsViewController.m */; };
		88DA4B11179B860A006ECD0A /* RootNavigationController.m in Sources */ = {isa = PBXBuildFile; fileRef = 88DA4B10179B860A006ECD0A /* RootNavigationController.m */; };
		88FFA67C179C3D4400B1F3BB /* ContactsViewController.m in Sources */ = {isa = PBXBuildFile; fileRef = 88FFA67B179C3D4400B1F3BB /* ContactsViewController.m */; };
/* End PBXBuildFile section */

/* Begin PBXContainerItemProxy section */
		88DA4AF5179B82C9006ECD0A /* PBXContainerItemProxy */ = {
			isa = PBXContainerItemProxy;
			containerPortal = 88DA4ACD179B82C9006ECD0A /* Project object */;
			proxyType = 1;
			remoteGlobalIDString = 88DA4AD4179B82C9006ECD0A;
			remoteInfo = Messages;
		};
/* End PBXContainerItemProxy section */

/* Begin PBXFileReference section */
		1F607D9D0B604A2B8E920D38 /* Pods.xcconfig */ = {isa = PBXFileReference; includeInIndex = 1; lastKnownFileType = text.xcconfig; name = Pods.xcconfig; path = Pods/Pods.xcconfig; sourceTree = SOURCE_ROOT; };
		883AF394179C7B5600305E40 /* 1.jpg */ = {isa = PBXFileReference; lastKnownFileType = image.jpeg; path = 1.jpg; sourceTree = "<group>"; };
		883AF395179C7B5600305E40 /* 2.jpg */ = {isa = PBXFileReference; lastKnownFileType = image.jpeg; path = 2.jpg; sourceTree = "<group>"; };
		883AF396179C7B5600305E40 /* 3.jpg */ = {isa = PBXFileReference; lastKnownFileType = image.jpeg; path = 3.jpg; sourceTree = "<group>"; };
		883AF397179C7B5600305E40 /* 4.jpg */ = {isa = PBXFileReference; lastKnownFileType = image.jpeg; path = 4.jpg; sourceTree = "<group>"; };
		883AF398179C7B5600305E40 /* 5.jpg */ = {isa = PBXFileReference; lastKnownFileType = image.jpeg; path = 5.jpg; sourceTree = "<group>"; };
		883AF399179C7B5600305E40 /* 6.jpg */ = {isa = PBXFileReference; lastKnownFileType = image.jpeg; path = 6.jpg; sourceTree = "<group>"; };
		883AF39A179C7B5600305E40 /* 7.jpg */ = {isa = PBXFileReference; lastKnownFileType = image.jpeg; path = 7.jpg; sourceTree = "<group>"; };
		883AF39B179C7B5600305E40 /* 8.jpg */ = {isa = PBXFileReference; lastKnownFileType = image.jpeg; path = 8.jpg; sourceTree = "<group>"; };
		883AF39C179C7B5600305E40 /* 9.jpg */ = {isa = PBXFileReference; lastKnownFileType = image.jpeg; path = 9.jpg; sourceTree = "<group>"; };
		883AF39D179C7B5600305E40 /* 10.jpg */ = {isa = PBXFileReference; lastKnownFileType = image.jpeg; path = 10.jpg; sourceTree = "<group>"; };
		883AF39E179C7B5600305E40 /* 11.jpg */ = {isa = PBXFileReference; lastKnownFileType = image.jpeg; path = 11.jpg; sourceTree = "<group>"; };
		883AF39F179C7B5600305E40 /* 12.jpg */ = {isa = PBXFileReference; lastKnownFileType = image.jpeg; path = 12.jpg; sourceTree = "<group>"; };
		883AF3A0179C7B5600305E40 /* 13.jpg */ = {isa = PBXFileReference; lastKnownFileType = image.jpeg; path = 13.jpg; sourceTree = "<group>"; };
		883AF3A1179C7B5600305E40 /* 14.jpg */ = {isa = PBXFileReference; lastKnownFileType = image.jpeg; path = 14.jpg; sourceTree = "<group>"; };
		883AF3A2179C7B5600305E40 /* 15.jpg */ = {isa = PBXFileReference; lastKnownFileType = image.jpeg; path = 15.jpg; sourceTree = "<group>"; };
		883AF3A3179C7B5600305E40 /* 16.jpg */ = {isa = PBXFileReference; lastKnownFileType = image.jpeg; path = 16.jpg; sourceTree = "<group>"; };
		883AF3A4179C7B5600305E40 /* 17.jpg */ = {isa = PBXFileReference; lastKnownFileType = image.jpeg; path = 17.jpg; sourceTree = "<group>"; };
		883AF3A5179C7B5600305E40 /* 18.jpg */ = {isa = PBXFileReference; lastKnownFileType = image.jpeg; path = 18.jpg; sourceTree = "<group>"; };
		883AF3A6179C7B5600305E40 /* 19.jpg */ = {isa = PBXFileReference; lastKnownFileType = image.jpeg; path = 19.jpg; sourceTree = "<group>"; };
		883AF3A7179C7B5600305E40 /* 20.jpg */ = {isa = PBXFileReference; lastKnownFileType = image.jpeg; path = 20.jpg; sourceTree = "<group>"; };
		883AF3A8179C7B5600305E40 /* 21.jpg */ = {isa = PBXFileReference; lastKnownFileType = image.jpeg; path = 21.jpg; sourceTree = "<group>"; };
		883AF3A9179C7B5600305E40 /* 22.jpg */ = {isa = PBXFileReference; lastKnownFileType = image.jpeg; path = 22.jpg; sourceTree = "<group>"; };
		883AF3AA179C7B5600305E40 /* 23.jpg */ = {isa = PBXFileReference; lastKnownFileType = image.jpeg; path = 23.jpg; sourceTree = "<group>"; };
		883AF3AB179C7B5600305E40 /* 24.jpg */ = {isa = PBXFileReference; lastKnownFileType = image.jpeg; path = 24.jpg; sourceTree = "<group>"; };
		883AF3AC179C7B5600305E40 /* 25.jpg */ = {isa = PBXFileReference; lastKnownFileType = image.jpeg; path = 25.jpg; sourceTree = "<group>"; };
		883AF3AD179C7B5600305E40 /* 26.jpg */ = {isa = PBXFileReference; lastKnownFileType = image.jpeg; path = 26.jpg; sourceTree = "<group>"; };
		883AF3AE179C7B5600305E40 /* 27.jpg */ = {isa = PBXFileReference; lastKnownFileType = image.jpeg; path = 27.jpg; sourceTree = "<group>"; };
		883AF3AF179C7B5600305E40 /* 28.jpg */ = {isa = PBXFileReference; lastKnownFileType = image.jpeg; path = 28.jpg; sourceTree = "<group>"; };
		883AF3B0179C7B5600305E40 /* 29.jpg */ = {isa = PBXFileReference; lastKnownFileType = image.jpeg; path = 29.jpg; sourceTree = "<group>"; };
		883AF3B1179C7B5600305E40 /* 30.jpg */ = {isa = PBXFileReference; lastKnownFileType = image.jpeg; path = 30.jpg; sourceTree = "<group>"; };
		883AF3B2179C7B5600305E40 /* 31.jpg */ = {isa = PBXFileReference; lastKnownFileType = image.jpeg; path = 31.jpg; sourceTree = "<group>"; };
		883AF3B3179C7B5600305E40 /* 32.jpg */ = {isa = PBXFileReference; lastKnownFileType = image.jpeg; path = 32.jpg; sourceTree = "<group>"; };
		883AF3B4179C7B5600305E40 /* 33.jpg */ = {isa = PBXFileReference; lastKnownFileType = image.jpeg; path = 33.jpg; sourceTree = "<group>"; };
		883AF3B5179C7B5600305E40 /* 34.jpg */ = {isa = PBXFileReference; lastKnownFileType = image.jpeg; path = 34.jpg; sourceTree = "<group>"; };
		883AF3B6179C7B5600305E40 /* 35.jpg */ = {isa = PBXFileReference; lastKnownFileType = image.jpeg; path = 35.jpg; sourceTree = "<group>"; };
		883AF3B7179C7B5600305E40 /* 36.jpg */ = {isa = PBXFileReference; lastKnownFileType = image.jpeg; path = 36.jpg; sourceTree = "<group>"; };
		883AF3B8179C7B5600305E40 /* 37.jpg */ = {isa = PBXFileReference; lastKnownFileType = image.jpeg; path = 37.jpg; sourceTree = "<group>"; };
		883AF3B9179C7B5600305E40 /* 38.jpg */ = {isa = PBXFileReference; lastKnownFileType = image.jpeg; path = 38.jpg; sourceTree = "<group>"; };
		883AF3BA179C7B5600305E40 /* 39.jpg */ = {isa = PBXFileReference; lastKnownFileType = image.jpeg; path = 39.jpg; sourceTree = "<group>"; };
		883AF3BB179C7B5600305E40 /* 40.jpg */ = {isa = PBXFileReference; lastKnownFileType = image.jpeg; path = 40.jpg; sourceTree = "<group>"; };
		883AF3BC179C7B5600305E40 /* 41.jpg */ = {isa = PBXFileReference; lastKnownFileType = image.jpeg; path = 41.jpg; sourceTree = "<group>"; };
		883AF3BD179C7B5600305E40 /* 42.jpg */ = {isa = PBXFileReference; lastKnownFileType = image.jpeg; path = 42.jpg; sourceTree = "<group>"; };
		883AF3BE179C7B5600305E40 /* 43.jpg */ = {isa = PBXFileReference; lastKnownFileType = image.jpeg; path = 43.jpg; sourceTree = "<group>"; };
		883AF3BF179C7B5600305E40 /* 44.jpg */ = {isa = PBXFileReference; lastKnownFileType = image.jpeg; path = 44.jpg; sourceTree = "<group>"; };
		883AF3C0179C7B5600305E40 /* 45.jpg */ = {isa = PBXFileReference; lastKnownFileType = image.jpeg; path = 45.jpg; sourceTree = "<group>"; };
		883AF3C1179C7B5600305E40 /* 46.jpg */ = {isa = PBXFileReference; lastKnownFileType = image.jpeg; path = 46.jpg; sourceTree = "<group>"; };
		883AF3C2179C7B5600305E40 /* 47.jpg */ = {isa = PBXFileReference; lastKnownFileType = image.jpeg; path = 47.jpg; sourceTree = "<group>"; };
		883AF3C3179C7B5600305E40 /* 48.jpg */ = {isa = PBXFileReference; lastKnownFileType = image.jpeg; path = 48.jpg; sourceTree = "<group>"; };
		883AF3C4179C7B5600305E40 /* 49.jpg */ = {isa = PBXFileReference; lastKnownFileType = image.jpeg; path = 49.jpg; sourceTree = "<group>"; };
		883AF3C5179C7B5600305E40 /* 50.jpg */ = {isa = PBXFileReference; lastKnownFileType = image.jpeg; path = 50.jpg; sourceTree = "<group>"; };
		883AF3C6179C7B5600305E40 /* 51.jpg */ = {isa = PBXFileReference; lastKnownFileType = image.jpeg; path = 51.jpg; sourceTree = "<group>"; };
		883AF3C7179C7B5600305E40 /* 52.jpg */ = {isa = PBXFileReference; lastKnownFileType = image.jpeg; path = 52.jpg; sourceTree = "<group>"; };
		883AF3C8179C7B5600305E40 /* 53.jpg */ = {isa = PBXFileReference; lastKnownFileType = image.jpeg; path = 53.jpg; sourceTree = "<group>"; };
		883AF3C9179C7B5600305E40 /* 54.jpg */ = {isa = PBXFileReference; lastKnownFileType = image.jpeg; path = 54.jpg; sourceTree = "<group>"; };
		883AF3CA179C7B5600305E40 /* 55.jpg */ = {isa = PBXFileReference; lastKnownFileType = image.jpeg; path = 55.jpg; sourceTree = "<group>"; };
		883AF3CB179C7B5600305E40 /* 56.jpg */ = {isa = PBXFileReference; lastKnownFileType = image.jpeg; path = 56.jpg; sourceTree = "<group>"; };
		883AF3CC179C7B5600305E40 /* 57.jpg */ = {isa = PBXFileReference; lastKnownFileType = image.jpeg; path = 57.jpg; sourceTree = "<group>"; };
		883AF3CD179C7B5600305E40 /* 58.jpg */ = {isa = PBXFileReference; lastKnownFileType = image.jpeg; path = 58.jpg; sourceTree = "<group>"; };
		883AF3CE179C7B5600305E40 /* 59.jpg */ = {isa = PBXFileReference; lastKnownFileType = image.jpeg; path = 59.jpg; sourceTree = "<group>"; };
		883AF3CF179C7B5600305E40 /* 60.jpg */ = {isa = PBXFileReference; lastKnownFileType = image.jpeg; path = 60.jpg; sourceTree = "<group>"; };
		883AF3D0179C7B5600305E40 /* 61.jpg */ = {isa = PBXFileReference; lastKnownFileType = image.jpeg; path = 61.jpg; sourceTree = "<group>"; };
		883AF3D1179C7B5600305E40 /* 62.jpg */ = {isa = PBXFileReference; lastKnownFileType = image.jpeg; path = 62.jpg; sourceTree = "<group>"; };
		883AF3D2179C7B5600305E40 /* 63.jpg */ = {isa = PBXFileReference; lastKnownFileType = image.jpeg; path = 63.jpg; sourceTree = "<group>"; };
		883AF3D3179C7B5600305E40 /* 64.jpg */ = {isa = PBXFileReference; lastKnownFileType = image.jpeg; path = 64.jpg; sourceTree = "<group>"; };
		883AF3D4179C7B5600305E40 /* 65.jpg */ = {isa = PBXFileReference; lastKnownFileType = image.jpeg; path = 65.jpg; sourceTree = "<group>"; };
		883AF3D5179C7B5600305E40 /* 66.jpg */ = {isa = PBXFileReference; lastKnownFileType = image.jpeg; path = 66.jpg; sourceTree = "<group>"; };
		883AF3D6179C7B5600305E40 /* 67.jpg */ = {isa = PBXFileReference; lastKnownFileType = image.jpeg; path = 67.jpg; sourceTree = "<group>"; };
		883AF3D7179C7B5600305E40 /* 68.jpg */ = {isa = PBXFileReference; lastKnownFileType = image.jpeg; path = 68.jpg; sourceTree = "<group>"; };
		883AF3D8179C7B5600305E40 /* 69.jpg */ = {isa = PBXFileReference; lastKnownFileType = image.jpeg; path = 69.jpg; sourceTree = "<group>"; };
		883AF3D9179C7B5600305E40 /* 70.jpg */ = {isa = PBXFileReference; lastKnownFileType = image.jpeg; path = 70.jpg; sourceTree = "<group>"; };
		883AF3DA179C7B5600305E40 /* 71.jpg */ = {isa = PBXFileReference; lastKnownFileType = image.jpeg; path = 71.jpg; sourceTree = "<group>"; };
		883AF3DB179C7B5600305E40 /* 72.jpg */ = {isa = PBXFileReference; lastKnownFileType = image.jpeg; path = 72.jpg; sourceTree = "<group>"; };
		883AF3DC179C7B5600305E40 /* 73.jpg */ = {isa = PBXFileReference; lastKnownFileType = image.jpeg; path = 73.jpg; sourceTree = "<group>"; };
		883AF3DD179C7B5600305E40 /* 74.jpg */ = {isa = PBXFileReference; lastKnownFileType = image.jpeg; path = 74.jpg; sourceTree = "<group>"; };
		883AF3DE179C7B5600305E40 /* 75.jpg */ = {isa = PBXFileReference; lastKnownFileType = image.jpeg; path = 75.jpg; sourceTree = "<group>"; };
		883AF3DF179C7B5600305E40 /* 76.jpg */ = {isa = PBXFileReference; lastKnownFileType = image.jpeg; path = 76.jpg; sourceTree = "<group>"; };
		883AF3E0179C7B5600305E40 /* 77.jpg */ = {isa = PBXFileReference; lastKnownFileType = image.jpeg; path = 77.jpg; sourceTree = "<group>"; };
		883AF3E1179C7B5600305E40 /* 78.jpg */ = {isa = PBXFileReference; lastKnownFileType = image.jpeg; path = 78.jpg; sourceTree = "<group>"; };
		883AF3E2179C7B5600305E40 /* 79.jpg */ = {isa = PBXFileReference; lastKnownFileType = image.jpeg; path = 79.jpg; sourceTree = "<group>"; };
		883AF3E3179C7B5600305E40 /* 80.jpg */ = {isa = PBXFileReference; lastKnownFileType = image.jpeg; path = 80.jpg; sourceTree = "<group>"; };
		883AF3E4179C7B5600305E40 /* 81.jpg */ = {isa = PBXFileReference; lastKnownFileType = image.jpeg; path = 81.jpg; sourceTree = "<group>"; };
		883AF3E5179C7B5600305E40 /* 82.jpg */ = {isa = PBXFileReference; lastKnownFileType = image.jpeg; path = 82.jpg; sourceTree = "<group>"; };
		883AF3E6179C7B5600305E40 /* 83.jpg */ = {isa = PBXFileReference; lastKnownFileType = image.jpeg; path = 83.jpg; sourceTree = "<group>"; };
		883AF3E7179C7B5600305E40 /* 84.jpg */ = {isa = PBXFileReference; lastKnownFileType = image.jpeg; path = 84.jpg; sourceTree = "<group>"; };
		885429C2179CAB12009F8F78 /* ContactTableCell.h */ = {isa = PBXFileReference; fileEncoding = 4; lastKnownFileType = sourcecode.c.h; path = ContactTableCell.h; sourceTree = "<group>"; };
		885429C3179CAB12009F8F78 /* ContactTableCell.m */ = {isa = PBXFileReference; fileEncoding = 4; lastKnownFileType = sourcecode.c.objc; path = ContactTableCell.m; sourceTree = "<group>"; };
		885429C9179DA471009F8F78 /* ConversationViewController.h */ = {isa = PBXFileReference; fileEncoding = 4; lastKnownFileType = sourcecode.c.h; path = ConversationViewController.h; sourceTree = "<group>"; };
		885429CA179DA471009F8F78 /* ConversationViewController.m */ = {isa = PBXFileReference; fileEncoding = 4; lastKnownFileType = sourcecode.c.objc; path = ConversationViewController.m; sourceTree = "<group>"; };
		88DA4AD5179B82C9006ECD0A /* Messages.app */ = {isa = PBXFileReference; explicitFileType = wrapper.application; includeInIndex = 0; path = Messages.app; sourceTree = BUILT_PRODUCTS_DIR; };
		88DA4AD8179B82C9006ECD0A /* Foundation.framework */ = {isa = PBXFileReference; lastKnownFileType = wrapper.framework; name = Foundation.framework; path = System/Library/Frameworks/Foundation.framework; sourceTree = SDKROOT; };
		88DA4ADA179B82C9006ECD0A /* CoreGraphics.framework */ = {isa = PBXFileReference; lastKnownFileType = wrapper.framework; name = CoreGraphics.framework; path = System/Library/Frameworks/CoreGraphics.framework; sourceTree = SDKROOT; };
		88DA4ADC179B82C9006ECD0A /* UIKit.framework */ = {isa = PBXFileReference; lastKnownFileType = wrapper.framework; name = UIKit.framework; path = System/Library/Frameworks/UIKit.framework; sourceTree = SDKROOT; };
		88DA4AE0179B82C9006ECD0A /* Messages-Info.plist */ = {isa = PBXFileReference; lastKnownFileType = text.plist.xml; path = "Messages-Info.plist"; sourceTree = "<group>"; };
		88DA4AE2179B82C9006ECD0A /* en */ = {isa = PBXFileReference; lastKnownFileType = text.plist.strings; name = en; path = en.lproj/InfoPlist.strings; sourceTree = "<group>"; };
		88DA4AE4179B82C9006ECD0A /* main.m */ = {isa = PBXFileReference; lastKnownFileType = sourcecode.c.objc; path = main.m; sourceTree = "<group>"; };
		88DA4AE6179B82C9006ECD0A /* Messages-Prefix.pch */ = {isa = PBXFileReference; lastKnownFileType = sourcecode.c.h; path = "Messages-Prefix.pch"; sourceTree = "<group>"; };
		88DA4AE7179B82C9006ECD0A /* AppDelegate.h */ = {isa = PBXFileReference; lastKnownFileType = sourcecode.c.h; path = AppDelegate.h; sourceTree = "<group>"; };
		88DA4AE8179B82C9006ECD0A /* AppDelegate.m */ = {isa = PBXFileReference; lastKnownFileType = sourcecode.c.objc; path = AppDelegate.m; sourceTree = "<group>"; };
		88DA4AEA179B82C9006ECD0A /* Images.xcassets */ = {isa = PBXFileReference; lastKnownFileType = folder.assetcatalog; path = Images.xcassets; sourceTree = "<group>"; };
		88DA4AF0179B82C9006ECD0A /* MessagesTests.xctest */ = {isa = PBXFileReference; explicitFileType = wrapper.cfbundle; includeInIndex = 0; path = MessagesTests.xctest; sourceTree = BUILT_PRODUCTS_DIR; };
		88DA4AF1179B82C9006ECD0A /* XCTest.framework */ = {isa = PBXFileReference; lastKnownFileType = wrapper.framework; name = XCTest.framework; path = Library/Frameworks/XCTest.framework; sourceTree = DEVELOPER_DIR; };
		88DA4AF9179B82C9006ECD0A /* MessagesTests-Info.plist */ = {isa = PBXFileReference; lastKnownFileType = text.plist.xml; path = "MessagesTests-Info.plist"; sourceTree = "<group>"; };
		88DA4AFB179B82C9006ECD0A /* en */ = {isa = PBXFileReference; lastKnownFileType = text.plist.strings; name = en; path = en.lproj/InfoPlist.strings; sourceTree = "<group>"; };
		88DA4AFD179B82C9006ECD0A /* MessagesTests.m */ = {isa = PBXFileReference; lastKnownFileType = sourcecode.c.objc; path = MessagesTests.m; sourceTree = "<group>"; };
		88DA4B07179B82EF006ECD0A /* Main.storyboard */ = {isa = PBXFileReference; fileEncoding = 4; lastKnownFileType = file.storyboard; path = Main.storyboard; sourceTree = "<group>"; };
		88DA4B0C179B84A2006ECD0A /* ConversationsViewController.h */ = {isa = PBXFileReference; fileEncoding = 4; lastKnownFileType = sourcecode.c.h; path = ConversationsViewController.h; sourceTree = "<group>"; };
		88DA4B0D179B84A2006ECD0A /* ConversationsViewController.m */ = {isa = PBXFileReference; fileEncoding = 4; lastKnownFileType = sourcecode.c.objc; path = ConversationsViewController.m; sourceTree = "<group>"; };
		88DA4B0F179B860A006ECD0A /* RootNavigationController.h */ = {isa = PBXFileReference; fileEncoding = 4; lastKnownFileType = sourcecode.c.h; path = RootNavigationController.h; sourceTree = "<group>"; };
		88DA4B10179B860A006ECD0A /* RootNavigationController.m */ = {isa = PBXFileReference; fileEncoding = 4; lastKnownFileType = sourcecode.c.objc; path = RootNavigationController.m; sourceTree = "<group>"; };
		88FFA67A179C3D4400B1F3BB /* ContactsViewController.h */ = {isa = PBXFileReference; fileEncoding = 4; lastKnownFileType = sourcecode.c.h; path = ContactsViewController.h; sourceTree = "<group>"; };
		88FFA67B179C3D4400B1F3BB /* ContactsViewController.m */ = {isa = PBXFileReference; fileEncoding = 4; lastKnownFileType = sourcecode.c.objc; path = ContactsViewController.m; sourceTree = "<group>"; };
		F71820E194564976ABA14608 /* libPods.a */ = {isa = PBXFileReference; explicitFileType = archive.ar; includeInIndex = 0; path = libPods.a; sourceTree = BUILT_PRODUCTS_DIR; };
/* End PBXFileReference section */

/* Begin PBXFrameworksBuildPhase section */
		88DA4AD2179B82C9006ECD0A /* Frameworks */ = {
			isa = PBXFrameworksBuildPhase;
			buildActionMask = 2147483647;
			files = (
				88DA4ADB179B82C9006ECD0A /* CoreGraphics.framework in Frameworks */,
				88DA4ADD179B82C9006ECD0A /* UIKit.framework in Frameworks */,
				88DA4AD9179B82C9006ECD0A /* Foundation.framework in Frameworks */,
				2F7C53DACB0F4BF69A00A9CF /* libPods.a in Frameworks */,
			);
			runOnlyForDeploymentPostprocessing = 0;
		};
		88DA4AED179B82C9006ECD0A /* Frameworks */ = {
			isa = PBXFrameworksBuildPhase;
			buildActionMask = 2147483647;
			files = (
				88DA4AF2179B82C9006ECD0A /* XCTest.framework in Frameworks */,
				88DA4AF4179B82C9006ECD0A /* UIKit.framework in Frameworks */,
				88DA4AF3179B82C9006ECD0A /* Foundation.framework in Frameworks */,
			);
			runOnlyForDeploymentPostprocessing = 0;
		};
/* End PBXFrameworksBuildPhase section */

/* Begin PBXGroup section */
		88DA4ACC179B82C9006ECD0A = {
			isa = PBXGroup;
			children = (
				88DA4ADE179B82C9006ECD0A /* Messages */,
				88DA4AF7179B82C9006ECD0A /* MessagesTests */,
				88DA4AD7179B82C9006ECD0A /* Frameworks */,
				88DA4AD6179B82C9006ECD0A /* Products */,
				1F607D9D0B604A2B8E920D38 /* Pods.xcconfig */,
			);
			sourceTree = "<group>";
		};
		88DA4AD6179B82C9006ECD0A /* Products */ = {
			isa = PBXGroup;
			children = (
				88DA4AD5179B82C9006ECD0A /* Messages.app */,
				88DA4AF0179B82C9006ECD0A /* MessagesTests.xctest */,
			);
			name = Products;
			sourceTree = "<group>";
		};
		88DA4AD7179B82C9006ECD0A /* Frameworks */ = {
			isa = PBXGroup;
			children = (
				88DA4AD8179B82C9006ECD0A /* Foundation.framework */,
				88DA4ADA179B82C9006ECD0A /* CoreGraphics.framework */,
				88DA4ADC179B82C9006ECD0A /* UIKit.framework */,
				88DA4AF1179B82C9006ECD0A /* XCTest.framework */,
				F71820E194564976ABA14608 /* libPods.a */,
			);
			name = Frameworks;
			sourceTree = "<group>";
		};
		88DA4ADE179B82C9006ECD0A /* Messages */ = {
			isa = PBXGroup;
			children = (
				885429C9179DA471009F8F78 /* ConversationViewController.h */,
				885429CA179DA471009F8F78 /* ConversationViewController.m */,
				885429C2179CAB12009F8F78 /* ContactTableCell.h */,
				885429C3179CAB12009F8F78 /* ContactTableCell.m */,
				88FFA67A179C3D4400B1F3BB /* ContactsViewController.h */,
				88FFA67B179C3D4400B1F3BB /* ContactsViewController.m */,
				88DA4B0F179B860A006ECD0A /* RootNavigationController.h */,
				88DA4B10179B860A006ECD0A /* RootNavigationController.m */,
				88DA4B0C179B84A2006ECD0A /* ConversationsViewController.h */,
				88DA4B0D179B84A2006ECD0A /* ConversationsViewController.m */,
				88DA4AE7179B82C9006ECD0A /* AppDelegate.h */,
				88DA4AE8179B82C9006ECD0A /* AppDelegate.m */,
				88DA4AEA179B82C9006ECD0A /* Images.xcassets */,
				88DA4ADF179B82C9006ECD0A /* Supporting Files */,
			);
			path = Messages;
			sourceTree = "<group>";
		};
		88DA4ADF179B82C9006ECD0A /* Supporting Files */ = {
			isa = PBXGroup;
			children = (
				88FFA613179C3B2000B1F3BB /* Avatars */,
				88DA4B07179B82EF006ECD0A /* Main.storyboard */,
				88DA4AE0179B82C9006ECD0A /* Messages-Info.plist */,
				88DA4AE1179B82C9006ECD0A /* InfoPlist.strings */,
				88DA4AE4179B82C9006ECD0A /* main.m */,
				88DA4AE6179B82C9006ECD0A /* Messages-Prefix.pch */,
			);
			name = "Supporting Files";
			sourceTree = "<group>";
		};
		88DA4AF7179B82C9006ECD0A /* MessagesTests */ = {
			isa = PBXGroup;
			children = (
				88DA4AFD179B82C9006ECD0A /* MessagesTests.m */,
				88DA4AF8179B82C9006ECD0A /* Supporting Files */,
			);
			path = MessagesTests;
			sourceTree = "<group>";
		};
		88DA4AF8179B82C9006ECD0A /* Supporting Files */ = {
			isa = PBXGroup;
			children = (
				88DA4AF9179B82C9006ECD0A /* MessagesTests-Info.plist */,
				88DA4AFA179B82C9006ECD0A /* InfoPlist.strings */,
			);
			name = "Supporting Files";
			sourceTree = "<group>";
		};
		88FFA613179C3B2000B1F3BB /* Avatars */ = {
			isa = PBXGroup;
			children = (
				883AF394179C7B5600305E40 /* 1.jpg */,
				883AF395179C7B5600305E40 /* 2.jpg */,
				883AF396179C7B5600305E40 /* 3.jpg */,
				883AF397179C7B5600305E40 /* 4.jpg */,
				883AF398179C7B5600305E40 /* 5.jpg */,
				883AF399179C7B5600305E40 /* 6.jpg */,
				883AF39A179C7B5600305E40 /* 7.jpg */,
				883AF39B179C7B5600305E40 /* 8.jpg */,
				883AF39C179C7B5600305E40 /* 9.jpg */,
				883AF39D179C7B5600305E40 /* 10.jpg */,
				883AF39E179C7B5600305E40 /* 11.jpg */,
				883AF39F179C7B5600305E40 /* 12.jpg */,
				883AF3A0179C7B5600305E40 /* 13.jpg */,
				883AF3A1179C7B5600305E40 /* 14.jpg */,
				883AF3A2179C7B5600305E40 /* 15.jpg */,
				883AF3A3179C7B5600305E40 /* 16.jpg */,
				883AF3A4179C7B5600305E40 /* 17.jpg */,
				883AF3A5179C7B5600305E40 /* 18.jpg */,
				883AF3A6179C7B5600305E40 /* 19.jpg */,
				883AF3A7179C7B5600305E40 /* 20.jpg */,
				883AF3A8179C7B5600305E40 /* 21.jpg */,
				883AF3A9179C7B5600305E40 /* 22.jpg */,
				883AF3AA179C7B5600305E40 /* 23.jpg */,
				883AF3AB179C7B5600305E40 /* 24.jpg */,
				883AF3AC179C7B5600305E40 /* 25.jpg */,
				883AF3AD179C7B5600305E40 /* 26.jpg */,
				883AF3AE179C7B5600305E40 /* 27.jpg */,
				883AF3AF179C7B5600305E40 /* 28.jpg */,
				883AF3B0179C7B5600305E40 /* 29.jpg */,
				883AF3B1179C7B5600305E40 /* 30.jpg */,
				883AF3B2179C7B5600305E40 /* 31.jpg */,
				883AF3B3179C7B5600305E40 /* 32.jpg */,
				883AF3B4179C7B5600305E40 /* 33.jpg */,
				883AF3B5179C7B5600305E40 /* 34.jpg */,
				883AF3B6179C7B5600305E40 /* 35.jpg */,
				883AF3B7179C7B5600305E40 /* 36.jpg */,
				883AF3B8179C7B5600305E40 /* 37.jpg */,
				883AF3B9179C7B5600305E40 /* 38.jpg */,
				883AF3BA179C7B5600305E40 /* 39.jpg */,
				883AF3BB179C7B5600305E40 /* 40.jpg */,
				883AF3BC179C7B5600305E40 /* 41.jpg */,
				883AF3BD179C7B5600305E40 /* 42.jpg */,
				883AF3BE179C7B5600305E40 /* 43.jpg */,
				883AF3BF179C7B5600305E40 /* 44.jpg */,
				883AF3C0179C7B5600305E40 /* 45.jpg */,
				883AF3C1179C7B5600305E40 /* 46.jpg */,
				883AF3C2179C7B5600305E40 /* 47.jpg */,
				883AF3C3179C7B5600305E40 /* 48.jpg */,
				883AF3C4179C7B5600305E40 /* 49.jpg */,
				883AF3C5179C7B5600305E40 /* 50.jpg */,
				883AF3C6179C7B5600305E40 /* 51.jpg */,
				883AF3C7179C7B5600305E40 /* 52.jpg */,
				883AF3C8179C7B5600305E40 /* 53.jpg */,
				883AF3C9179C7B5600305E40 /* 54.jpg */,
				883AF3CA179C7B5600305E40 /* 55.jpg */,
				883AF3CB179C7B5600305E40 /* 56.jpg */,
				883AF3CC179C7B5600305E40 /* 57.jpg */,
				883AF3CD179C7B5600305E40 /* 58.jpg */,
				883AF3CE179C7B5600305E40 /* 59.jpg */,
				883AF3CF179C7B5600305E40 /* 60.jpg */,
				883AF3D0179C7B5600305E40 /* 61.jpg */,
				883AF3D1179C7B5600305E40 /* 62.jpg */,
				883AF3D2179C7B5600305E40 /* 63.jpg */,
				883AF3D3179C7B5600305E40 /* 64.jpg */,
				883AF3D4179C7B5600305E40 /* 65.jpg */,
				883AF3D5179C7B5600305E40 /* 66.jpg */,
				883AF3D6179C7B5600305E40 /* 67.jpg */,
				883AF3D7179C7B5600305E40 /* 68.jpg */,
				883AF3D8179C7B5600305E40 /* 69.jpg */,
				883AF3D9179C7B5600305E40 /* 70.jpg */,
				883AF3DA179C7B5600305E40 /* 71.jpg */,
				883AF3DB179C7B5600305E40 /* 72.jpg */,
				883AF3DC179C7B5600305E40 /* 73.jpg */,
				883AF3DD179C7B5600305E40 /* 74.jpg */,
				883AF3DE179C7B5600305E40 /* 75.jpg */,
				883AF3DF179C7B5600305E40 /* 76.jpg */,
				883AF3E0179C7B5600305E40 /* 77.jpg */,
				883AF3E1179C7B5600305E40 /* 78.jpg */,
				883AF3E2179C7B5600305E40 /* 79.jpg */,
				883AF3E3179C7B5600305E40 /* 80.jpg */,
				883AF3E4179C7B5600305E40 /* 81.jpg */,
				883AF3E5179C7B5600305E40 /* 82.jpg */,
				883AF3E6179C7B5600305E40 /* 83.jpg */,
				883AF3E7179C7B5600305E40 /* 84.jpg */,
			);
			name = Avatars;
			sourceTree = "<group>";
		};
/* End PBXGroup section */

/* Begin PBXNativeTarget section */
		88DA4AD4179B82C9006ECD0A /* Messages */ = {
			isa = PBXNativeTarget;
			buildConfigurationList = 88DA4B01179B82C9006ECD0A /* Build configuration list for PBXNativeTarget "Messages" */;
			buildPhases = (
				17466A7CC0A3457282A85BB1 /* Check Pods Manifest.lock */,
				88DA4AD1179B82C9006ECD0A /* Sources */,
				88DA4AD2179B82C9006ECD0A /* Frameworks */,
				88DA4AD3179B82C9006ECD0A /* Resources */,
				C554DB46FBB64F51BD254378 /* Copy Pods Resources */,
			);
			buildRules = (
			);
			dependencies = (
			);
			name = Messages;
			productName = Messages;
			productReference = 88DA4AD5179B82C9006ECD0A /* Messages.app */;
			productType = "com.apple.product-type.application";
		};
		88DA4AEF179B82C9006ECD0A /* MessagesTests */ = {
			isa = PBXNativeTarget;
			buildConfigurationList = 88DA4B04179B82C9006ECD0A /* Build configuration list for PBXNativeTarget "MessagesTests" */;
			buildPhases = (
				88DA4AEC179B82C9006ECD0A /* Sources */,
				88DA4AED179B82C9006ECD0A /* Frameworks */,
				88DA4AEE179B82C9006ECD0A /* Resources */,
			);
			buildRules = (
			);
			dependencies = (
				88DA4AF6179B82C9006ECD0A /* PBXTargetDependency */,
			);
			name = MessagesTests;
			productName = MessagesTests;
			productReference = 88DA4AF0179B82C9006ECD0A /* MessagesTests.xctest */;
			productType = "com.apple.product-type.bundle.unit-test";
		};
/* End PBXNativeTarget section */

/* Begin PBXProject section */
		88DA4ACD179B82C9006ECD0A /* Project object */ = {
			isa = PBXProject;
			attributes = {
				LastUpgradeCheck = 0500;
				ORGANIZATIONNAME = Cupcake;
				TargetAttributes = {
					88DA4AEF179B82C9006ECD0A = {
						TestTargetID = 88DA4AD4179B82C9006ECD0A;
					};
				};
			};
			buildConfigurationList = 88DA4AD0179B82C9006ECD0A /* Build configuration list for PBXProject "Messages" */;
			compatibilityVersion = "Xcode 3.2";
			developmentRegion = English;
			hasScannedForEncodings = 0;
			knownRegions = (
				en,
			);
			mainGroup = 88DA4ACC179B82C9006ECD0A;
			productRefGroup = 88DA4AD6179B82C9006ECD0A /* Products */;
			projectDirPath = "";
			projectRoot = "";
			targets = (
				88DA4AD4179B82C9006ECD0A /* Messages */,
				88DA4AEF179B82C9006ECD0A /* MessagesTests */,
			);
		};
/* End PBXProject section */

/* Begin PBXResourcesBuildPhase section */
		88DA4AD3179B82C9006ECD0A /* Resources */ = {
			isa = PBXResourcesBuildPhase;
			buildActionMask = 2147483647;
			files = (
				883AF426179C7B5600305E40 /* 63.jpg in Resources */,
				883AF425179C7B5600305E40 /* 62.jpg in Resources */,
				883AF40F179C7B5600305E40 /* 40.jpg in Resources */,
				883AF40B179C7B5600305E40 /* 36.jpg in Resources */,
				883AF413179C7B5600305E40 /* 44.jpg in Resources */,
				883AF407179C7B5600305E40 /* 32.jpg in Resources */,
				883AF404179C7B5600305E40 /* 29.jpg in Resources */,
				883AF3FE179C7B5600305E40 /* 23.jpg in Resources */,
				883AF411179C7B5600305E40 /* 42.jpg in Resources */,
				883AF3F1179C7B5600305E40 /* 10.jpg in Resources */,
				883AF439179C7B5600305E40 /* 82.jpg in Resources */,
				883AF42A179C7B5600305E40 /* 67.jpg in Resources */,
				883AF401179C7B5600305E40 /* 26.jpg in Resources */,
				883AF43B179C7B5600305E40 /* 84.jpg in Resources */,
				883AF412179C7B5600305E40 /* 43.jpg in Resources */,
				883AF3EF179C7B5600305E40 /* 8.jpg in Resources */,
				883AF3FB179C7B5600305E40 /* 20.jpg in Resources */,
				883AF3ED179C7B5600305E40 /* 6.jpg in Resources */,
				88DA4B08179B82EF006ECD0A /* Main.storyboard in Resources */,
				883AF414179C7B5600305E40 /* 45.jpg in Resources */,
				883AF431179C7B5600305E40 /* 74.jpg in Resources */,
				883AF41B179C7B5600305E40 /* 52.jpg in Resources */,
				883AF41D179C7B5600305E40 /* 54.jpg in Resources */,
				883AF3EC179C7B5600305E40 /* 5.jpg in Resources */,
				883AF3F9179C7B5600305E40 /* 18.jpg in Resources */,
				883AF3F8179C7B5600305E40 /* 17.jpg in Resources */,
				883AF406179C7B5600305E40 /* 31.jpg in Resources */,
				883AF402179C7B5600305E40 /* 27.jpg in Resources */,
				883AF42E179C7B5600305E40 /* 71.jpg in Resources */,
				883AF428179C7B5600305E40 /* 65.jpg in Resources */,
				883AF437179C7B5600305E40 /* 80.jpg in Resources */,
				883AF416179C7B5600305E40 /* 47.jpg in Resources */,
				883AF435179C7B5600305E40 /* 78.jpg in Resources */,
				883AF421179C7B5600305E40 /* 58.jpg in Resources */,
				883AF423179C7B5600305E40 /* 60.jpg in Resources */,
				883AF427179C7B5600305E40 /* 64.jpg in Resources */,
				883AF40C179C7B5600305E40 /* 37.jpg in Resources */,
				883AF405179C7B5600305E40 /* 30.jpg in Resources */,
				883AF420179C7B5600305E40 /* 57.jpg in Resources */,
				883AF434179C7B5600305E40 /* 77.jpg in Resources */,
				883AF424179C7B5600305E40 /* 61.jpg in Resources */,
				883AF430179C7B5600305E40 /* 73.jpg in Resources */,
				883AF42F179C7B5600305E40 /* 72.jpg in Resources */,
				883AF3F3179C7B5600305E40 /* 12.jpg in Resources */,
				883AF3F2179C7B5600305E40 /* 11.jpg in Resources */,
				883AF419179C7B5600305E40 /* 50.jpg in Resources */,
				883AF40D179C7B5600305E40 /* 38.jpg in Resources */,
				883AF418179C7B5600305E40 /* 49.jpg in Resources */,
				883AF3FD179C7B5600305E40 /* 22.jpg in Resources */,
				883AF40E179C7B5600305E40 /* 39.jpg in Resources */,
				883AF3FA179C7B5600305E40 /* 19.jpg in Resources */,
				883AF3EB179C7B5600305E40 /* 4.jpg in Resources */,
				883AF403179C7B5600305E40 /* 28.jpg in Resources */,
				883AF42D179C7B5600305E40 /* 70.jpg in Resources */,
				883AF42B179C7B5600305E40 /* 68.jpg in Resources */,
				883AF3F5179C7B5600305E40 /* 14.jpg in Resources */,
				883AF3E8179C7B5600305E40 /* 1.jpg in Resources */,
				883AF3F4179C7B5600305E40 /* 13.jpg in Resources */,
				883AF41C179C7B5600305E40 /* 53.jpg in Resources */,
				883AF3E9179C7B5600305E40 /* 2.jpg in Resources */,
				883AF41A179C7B5600305E40 /* 51.jpg in Resources */,
				883AF410179C7B5600305E40 /* 41.jpg in Resources */,
				883AF3FC179C7B5600305E40 /* 21.jpg in Resources */,
				883AF415179C7B5600305E40 /* 46.jpg in Resources */,
				883AF417179C7B5600305E40 /* 48.jpg in Resources */,
				883AF43A179C7B5600305E40 /* 83.jpg in Resources */,
				883AF3EA179C7B5600305E40 /* 3.jpg in Resources */,
				883AF41F179C7B5600305E40 /* 56.jpg in Resources */,
				883AF408179C7B5600305E40 /* 33.jpg in Resources */,
				883AF400179C7B5600305E40 /* 25.jpg in Resources */,
				883AF3EE179C7B5600305E40 /* 7.jpg in Resources */,
				883AF432179C7B5600305E40 /* 75.jpg in Resources */,
				883AF42C179C7B5600305E40 /* 69.jpg in Resources */,
				883AF3F0179C7B5600305E40 /* 9.jpg in Resources */,
				883AF422179C7B5600305E40 /* 59.jpg in Resources */,
				883AF429179C7B5600305E40 /* 66.jpg in Resources */,
				883AF3FF179C7B5600305E40 /* 24.jpg in Resources */,
				883AF41E179C7B5600305E40 /* 55.jpg in Resources */,
				883AF409179C7B5600305E40 /* 34.jpg in Resources */,
				883AF436179C7B5600305E40 /* 79.jpg in Resources */,
				883AF433179C7B5600305E40 /* 76.jpg in Resources */,
				88DA4AE3179B82C9006ECD0A /* InfoPlist.strings in Resources */,
				883AF3F7179C7B5600305E40 /* 16.jpg in Resources */,
				883AF40A179C7B5600305E40 /* 35.jpg in Resources */,
				88DA4AEB179B82C9006ECD0A /* Images.xcassets in Resources */,
				883AF438179C7B5600305E40 /* 81.jpg in Resources */,
				883AF3F6179C7B5600305E40 /* 15.jpg in Resources */,
			);
			runOnlyForDeploymentPostprocessing = 0;
		};
		88DA4AEE179B82C9006ECD0A /* Resources */ = {
			isa = PBXResourcesBuildPhase;
			buildActionMask = 2147483647;
			files = (
				88DA4AFC179B82C9006ECD0A /* InfoPlist.strings in Resources */,
			);
			runOnlyForDeploymentPostprocessing = 0;
		};
/* End PBXResourcesBuildPhase section */

/* Begin PBXShellScriptBuildPhase section */
		17466A7CC0A3457282A85BB1 /* Check Pods Manifest.lock */ = {
			isa = PBXShellScriptBuildPhase;
			buildActionMask = 2147483647;
			files = (
			);
			inputPaths = (
			);
			name = "Check Pods Manifest.lock";
			outputPaths = (
			);
			runOnlyForDeploymentPostprocessing = 0;
			shellPath = /bin/sh;
			shellScript = "diff \"${PODS_ROOT}/../Podfile.lock\" \"${PODS_ROOT}/Manifest.lock\" > /dev/null\nif [[ $? != 0 ]] ; then\n    cat << EOM\nerror: The sandbox is not in sync with the Podfile.lock. Run 'pod install' or update your CocoaPods installation.\nEOM\n    exit 1\nfi\n";
			showEnvVarsInLog = 0;
		};
		C554DB46FBB64F51BD254378 /* Copy Pods Resources */ = {
			isa = PBXShellScriptBuildPhase;
			buildActionMask = 2147483647;
			files = (
			);
			inputPaths = (
			);
			name = "Copy Pods Resources";
			outputPaths = (
			);
			runOnlyForDeploymentPostprocessing = 0;
			shellPath = /bin/sh;
			shellScript = "\"${SRCROOT}/Pods/Pods-resources.sh\"\n";
			showEnvVarsInLog = 0;
		};
/* End PBXShellScriptBuildPhase section */

/* Begin PBXSourcesBuildPhase section */
		88DA4AD1179B82C9006ECD0A /* Sources */ = {
			isa = PBXSourcesBuildPhase;
			buildActionMask = 2147483647;
			files = (
				88DA4B0E179B84A2006ECD0A /* ConversationsViewController.m in Sources */,
				88DA4B11179B860A006ECD0A /* RootNavigationController.m in Sources */,
				885429CB179DA471009F8F78 /* ConversationViewController.m in Sources */,
				88FFA67C179C3D4400B1F3BB /* ContactsViewController.m in Sources */,
				88DA4AE9179B82C9006ECD0A /* AppDelegate.m in Sources */,
				88DA4AE5179B82C9006ECD0A /* main.m in Sources */,
				885429C4179CAB12009F8F78 /* ContactTableCell.m in Sources */,
			);
			runOnlyForDeploymentPostprocessing = 0;
		};
		88DA4AEC179B82C9006ECD0A /* Sources */ = {
			isa = PBXSourcesBuildPhase;
			buildActionMask = 2147483647;
			files = (
				88DA4AFE179B82C9006ECD0A /* MessagesTests.m in Sources */,
			);
			runOnlyForDeploymentPostprocessing = 0;
		};
/* End PBXSourcesBuildPhase section */

/* Begin PBXTargetDependency section */
		88DA4AF6179B82C9006ECD0A /* PBXTargetDependency */ = {
			isa = PBXTargetDependency;
			target = 88DA4AD4179B82C9006ECD0A /* Messages */;
			targetProxy = 88DA4AF5179B82C9006ECD0A /* PBXContainerItemProxy */;
		};
/* End PBXTargetDependency section */

/* Begin PBXVariantGroup section */
		88DA4AE1179B82C9006ECD0A /* InfoPlist.strings */ = {
			isa = PBXVariantGroup;
			children = (
				88DA4AE2179B82C9006ECD0A /* en */,
			);
			name = InfoPlist.strings;
			sourceTree = "<group>";
		};
		88DA4AFA179B82C9006ECD0A /* InfoPlist.strings */ = {
			isa = PBXVariantGroup;
			children = (
				88DA4AFB179B82C9006ECD0A /* en */,
			);
			name = InfoPlist.strings;
			sourceTree = "<group>";
		};
/* End PBXVariantGroup section */

/* Begin XCBuildConfiguration section */
		88DA4AFF179B82C9006ECD0A /* Debug */ = {
			isa = XCBuildConfiguration;
			buildSettings = {
				ALWAYS_SEARCH_USER_PATHS = NO;
				CLANG_CXX_LANGUAGE_STANDARD = "gnu++0x";
				CLANG_CXX_LIBRARY = "libc++";
				CLANG_ENABLE_MODULES = YES;
				CLANG_ENABLE_OBJC_ARC = YES;
				CLANG_WARN_BOOL_CONVERSION = YES;
				CLANG_WARN_CONSTANT_CONVERSION = YES;
				CLANG_WARN_DIRECT_OBJC_ISA_USAGE = YES_ERROR;
				CLANG_WARN_EMPTY_BODY = YES;
				CLANG_WARN_ENUM_CONVERSION = YES;
				CLANG_WARN_INT_CONVERSION = YES;
				CLANG_WARN_OBJC_ROOT_CLASS = YES_ERROR;
				CLANG_WARN__DUPLICATE_METHOD_MATCH = YES;
				"CODE_SIGN_IDENTITY[sdk=iphoneos*]" = "iPhone Developer";
				COPY_PHASE_STRIP = NO;
				GCC_C_LANGUAGE_STANDARD = gnu99;
				GCC_DYNAMIC_NO_PIC = NO;
				GCC_OPTIMIZATION_LEVEL = 0;
				GCC_PREPROCESSOR_DEFINITIONS = (
					"DEBUG=1",
					"$(inherited)",
				);
				GCC_SYMBOLS_PRIVATE_EXTERN = NO;
				GCC_WARN_ABOUT_RETURN_TYPE = YES_ERROR;
				GCC_WARN_UNDECLARED_SELECTOR = YES;
				GCC_WARN_UNINITIALIZED_AUTOS = YES;
				GCC_WARN_UNUSED_FUNCTION = YES;
				GCC_WARN_UNUSED_VARIABLE = YES;
				IPHONEOS_DEPLOYMENT_TARGET = 7.0;
				ONLY_ACTIVE_ARCH = YES;
				SDKROOT = iphoneos;
			};
			name = Debug;
		};
		88DA4B00179B82C9006ECD0A /* Release */ = {
			isa = XCBuildConfiguration;
			buildSettings = {
				ALWAYS_SEARCH_USER_PATHS = NO;
				CLANG_CXX_LANGUAGE_STANDARD = "gnu++0x";
				CLANG_CXX_LIBRARY = "libc++";
				CLANG_ENABLE_MODULES = YES;
				CLANG_ENABLE_OBJC_ARC = YES;
				CLANG_WARN_BOOL_CONVERSION = YES;
				CLANG_WARN_CONSTANT_CONVERSION = YES;
				CLANG_WARN_DIRECT_OBJC_ISA_USAGE = YES_ERROR;
				CLANG_WARN_EMPTY_BODY = YES;
				CLANG_WARN_ENUM_CONVERSION = YES;
				CLANG_WARN_INT_CONVERSION = YES;
				CLANG_WARN_OBJC_ROOT_CLASS = YES_ERROR;
				CLANG_WARN__DUPLICATE_METHOD_MATCH = YES;
				"CODE_SIGN_IDENTITY[sdk=iphoneos*]" = "iPhone Developer";
				COPY_PHASE_STRIP = YES;
				ENABLE_NS_ASSERTIONS = NO;
				GCC_C_LANGUAGE_STANDARD = gnu99;
				GCC_WARN_ABOUT_RETURN_TYPE = YES_ERROR;
				GCC_WARN_UNDECLARED_SELECTOR = YES;
				GCC_WARN_UNINITIALIZED_AUTOS = YES;
				GCC_WARN_UNUSED_FUNCTION = YES;
				GCC_WARN_UNUSED_VARIABLE = YES;
				IPHONEOS_DEPLOYMENT_TARGET = 7.0;
				SDKROOT = iphoneos;
				VALIDATE_PRODUCT = YES;
			};
			name = Release;
		};
		88DA4B02179B82C9006ECD0A /* Debug */ = {
			isa = XCBuildConfiguration;
			baseConfigurationReference = 1F607D9D0B604A2B8E920D38 /* Pods.xcconfig */;
			buildSettings = {
				ASSETCATALOG_COMPILER_APPICON_NAME = AppIcon;
				ASSETCATALOG_COMPILER_LAUNCHIMAGE_NAME = LaunchImage;
				GCC_PRECOMPILE_PREFIX_HEADER = YES;
				GCC_PREFIX_HEADER = "Messages/Messages-Prefix.pch";
				INFOPLIST_FILE = "Messages/Messages-Info.plist";
				PRODUCT_NAME = "$(TARGET_NAME)";
				WRAPPER_EXTENSION = app;
			};
			name = Debug;
		};
		88DA4B03179B82C9006ECD0A /* Release */ = {
			isa = XCBuildConfiguration;
			baseConfigurationReference = 1F607D9D0B604A2B8E920D38 /* Pods.xcconfig */;
			buildSettings = {
				ASSETCATALOG_COMPILER_APPICON_NAME = AppIcon;
				ASSETCATALOG_COMPILER_LAUNCHIMAGE_NAME = LaunchImage;
				GCC_PRECOMPILE_PREFIX_HEADER = YES;
				GCC_PREFIX_HEADER = "Messages/Messages-Prefix.pch";
				INFOPLIST_FILE = "Messages/Messages-Info.plist";
				PRODUCT_NAME = "$(TARGET_NAME)";
				WRAPPER_EXTENSION = app;
			};
			name = Release;
		};
		88DA4B05179B82C9006ECD0A /* Debug */ = {
			isa = XCBuildConfiguration;
			buildSettings = {
				BUNDLE_LOADER = "$(BUILT_PRODUCTS_DIR)/Messages.app/Messages";
				FRAMEWORK_SEARCH_PATHS = (
					"$(SDKROOT)/Developer/Library/Frameworks",
					"$(inherited)",
					"$(SYSTEM_APPS_DIR)/Xcode5-DP3.app/Contents/Developer/Library/Frameworks",
				);
				GCC_PRECOMPILE_PREFIX_HEADER = YES;
				GCC_PREFIX_HEADER = "Messages/Messages-Prefix.pch";
				GCC_PREPROCESSOR_DEFINITIONS = (
					"DEBUG=1",
					"$(inherited)",
				);
				INFOPLIST_FILE = "MessagesTests/MessagesTests-Info.plist";
				PRODUCT_NAME = "$(TARGET_NAME)";
				TEST_HOST = "$(BUNDLE_LOADER)";
				WRAPPER_EXTENSION = xctest;
			};
			name = Debug;
		};
		88DA4B06179B82C9006ECD0A /* Release */ = {
			isa = XCBuildConfiguration;
			buildSettings = {
				BUNDLE_LOADER = "$(BUILT_PRODUCTS_DIR)/Messages.app/Messages";
				FRAMEWORK_SEARCH_PATHS = (
					"$(SDKROOT)/Developer/Library/Frameworks",
					"$(inherited)",
					"$(SYSTEM_APPS_DIR)/Xcode5-DP3.app/Contents/Developer/Library/Frameworks",
				);
				GCC_PRECOMPILE_PREFIX_HEADER = YES;
				GCC_PREFIX_HEADER = "Messages/Messages-Prefix.pch";
				INFOPLIST_FILE = "MessagesTests/MessagesTests-Info.plist";
				PRODUCT_NAME = "$(TARGET_NAME)";
				TEST_HOST = "$(BUNDLE_LOADER)";
				WRAPPER_EXTENSION = xctest;
			};
			name = Release;
		};
/* End XCBuildConfiguration section */

/* Begin XCConfigurationList section */
		88DA4AD0179B82C9006ECD0A /* Build configuration list for PBXProject "Messages" */ = {
			isa = XCConfigurationList;
			buildConfigurations = (
				88DA4AFF179B82C9006ECD0A /* Debug */,
				88DA4B00179B82C9006ECD0A /* Release */,
			);
			defaultConfigurationIsVisible = 0;
			defaultConfigurationName = Release;
		};
		88DA4B01179B82C9006ECD0A /* Build configuration list for PBXNativeTarget "Messages" */ = {
			isa = XCConfigurationList;
			buildConfigurations = (
				88DA4B02179B82C9006ECD0A /* Debug */,
				88DA4B03179B82C9006ECD0A /* Release */,
			);
			defaultConfigurationIsVisible = 0;
			defaultConfigurationName = Release;
		};
		88DA4B04179B82C9006ECD0A /* Build configuration list for PBXNativeTarget "MessagesTests" */ = {
			isa = XCConfigurationList;
			buildConfigurations = (
				88DA4B05179B82C9006ECD0A /* Debug */,
				88DA4B06179B82C9006ECD0A /* Release */,
			);
			defaultConfigurationIsVisible = 0;
			defaultConfigurationName = Release;
		};
/* End XCConfigurationList section */
	};
	rootObject = 88DA4ACD179B82C9006ECD0A /* Project object */;
}
