// !$*UTF8*$!
{
	archiveVersion = 1;
	classes = {
	};
	objectVersion = 46;
	objects = {

/* Begin PBXBuildFile section */
		2F7C53DACB0F4BF69A00A9CF /* libPods.a in Frameworks */ = {isa = PBXBuildFile; fileRef = F71820E194564976ABA14608 /* libPods.a */; };
		880221D217A4576B004B3ED8 /* DataModel.xcdatamodeld in Sources */ = {isa = PBXBuildFile; fileRef = 880221D017A4576B004B3ED8 /* DataModel.xcdatamodeld */; };
		885429C4179CAB12009F8F78 /* ContactTableCell.m in Sources */ = {isa = PBXBuildFile; fileRef = 885429C3179CAB12009F8F78 /* ContactTableCell.m */; };
		885429CB179DA471009F8F78 /* ConversationViewController.m in Sources */ = {isa = PBXBuildFile; fileRef = 885429CA179DA471009F8F78 /* ConversationViewController.m */; };
		885429D0179DB6CF009F8F78 /* ConversationTitleView.m in Sources */ = {isa = PBXBuildFile; fileRef = 885429CF179DB6CF009F8F78 /* ConversationTitleView.m */; };
		88542A13179DC71F009F8F78 /* 1.jpg in Resources */ = {isa = PBXBuildFile; fileRef = 885429D1179DC71F009F8F78 /* 1.jpg */; };
		88542A14179DC71F009F8F78 /* 2.jpg in Resources */ = {isa = PBXBuildFile; fileRef = 885429D2179DC71F009F8F78 /* 2.jpg */; };
		88542A15179DC71F009F8F78 /* 3.jpg in Resources */ = {isa = PBXBuildFile; fileRef = 885429D3179DC71F009F8F78 /* 3.jpg */; };
		88542A16179DC71F009F8F78 /* 4.jpg in Resources */ = {isa = PBXBuildFile; fileRef = 885429D4179DC71F009F8F78 /* 4.jpg */; };
		88542A17179DC71F009F8F78 /* 5.jpg in Resources */ = {isa = PBXBuildFile; fileRef = 885429D5179DC71F009F8F78 /* 5.jpg */; };
		88542A18179DC71F009F8F78 /* 6.jpg in Resources */ = {isa = PBXBuildFile; fileRef = 885429D6179DC71F009F8F78 /* 6.jpg */; };
		88542A19179DC71F009F8F78 /* 7.jpg in Resources */ = {isa = PBXBuildFile; fileRef = 885429D7179DC71F009F8F78 /* 7.jpg */; };
		88542A1A179DC71F009F8F78 /* 8.jpg in Resources */ = {isa = PBXBuildFile; fileRef = 885429D8179DC71F009F8F78 /* 8.jpg */; };
		88542A1B179DC71F009F8F78 /* 9.jpg in Resources */ = {isa = PBXBuildFile; fileRef = 885429D9179DC71F009F8F78 /* 9.jpg */; };
		88542A1C179DC71F009F8F78 /* 10.jpg in Resources */ = {isa = PBXBuildFile; fileRef = 885429DA179DC71F009F8F78 /* 10.jpg */; };
		88542A1D179DC71F009F8F78 /* 11.jpg in Resources */ = {isa = PBXBuildFile; fileRef = 885429DB179DC71F009F8F78 /* 11.jpg */; };
		88542A1E179DC71F009F8F78 /* 12.jpg in Resources */ = {isa = PBXBuildFile; fileRef = 885429DC179DC71F009F8F78 /* 12.jpg */; };
		88542A1F179DC71F009F8F78 /* 13.jpg in Resources */ = {isa = PBXBuildFile; fileRef = 885429DD179DC71F009F8F78 /* 13.jpg */; };
		88542A20179DC71F009F8F78 /* 14.jpg in Resources */ = {isa = PBXBuildFile; fileRef = 885429DE179DC71F009F8F78 /* 14.jpg */; };
		88542A21179DC71F009F8F78 /* 15.jpg in Resources */ = {isa = PBXBuildFile; fileRef = 885429DF179DC71F009F8F78 /* 15.jpg */; };
		88542A22179DC71F009F8F78 /* 16.jpg in Resources */ = {isa = PBXBuildFile; fileRef = 885429E0179DC71F009F8F78 /* 16.jpg */; };
		88542A23179DC71F009F8F78 /* 17.jpg in Resources */ = {isa = PBXBuildFile; fileRef = 885429E1179DC71F009F8F78 /* 17.jpg */; };
		88542A24179DC71F009F8F78 /* 18.jpg in Resources */ = {isa = PBXBuildFile; fileRef = 885429E2179DC71F009F8F78 /* 18.jpg */; };
		88542A25179DC71F009F8F78 /* 19.jpg in Resources */ = {isa = PBXBuildFile; fileRef = 885429E3179DC71F009F8F78 /* 19.jpg */; };
		88542A26179DC71F009F8F78 /* 20.jpg in Resources */ = {isa = PBXBuildFile; fileRef = 885429E4179DC71F009F8F78 /* 20.jpg */; };
		88542A27179DC71F009F8F78 /* 21.jpg in Resources */ = {isa = PBXBuildFile; fileRef = 885429E5179DC71F009F8F78 /* 21.jpg */; };
		88542A28179DC71F009F8F78 /* 22.jpg in Resources */ = {isa = PBXBuildFile; fileRef = 885429E6179DC71F009F8F78 /* 22.jpg */; };
		88542A29179DC71F009F8F78 /* 23.jpg in Resources */ = {isa = PBXBuildFile; fileRef = 885429E7179DC71F009F8F78 /* 23.jpg */; };
		88542A2A179DC71F009F8F78 /* 24.jpg in Resources */ = {isa = PBXBuildFile; fileRef = 885429E8179DC71F009F8F78 /* 24.jpg */; };
		88542A2B179DC71F009F8F78 /* 25.jpg in Resources */ = {isa = PBXBuildFile; fileRef = 885429E9179DC71F009F8F78 /* 25.jpg */; };
		88542A2C179DC71F009F8F78 /* 26.jpg in Resources */ = {isa = PBXBuildFile; fileRef = 885429EA179DC71F009F8F78 /* 26.jpg */; };
		88542A2D179DC71F009F8F78 /* 27.jpg in Resources */ = {isa = PBXBuildFile; fileRef = 885429EB179DC71F009F8F78 /* 27.jpg */; };
		88542A2E179DC71F009F8F78 /* 28.jpg in Resources */ = {isa = PBXBuildFile; fileRef = 885429EC179DC71F009F8F78 /* 28.jpg */; };
		88542A2F179DC71F009F8F78 /* 29.jpg in Resources */ = {isa = PBXBuildFile; fileRef = 885429ED179DC71F009F8F78 /* 29.jpg */; };
		88542A30179DC71F009F8F78 /* 30.jpg in Resources */ = {isa = PBXBuildFile; fileRef = 885429EE179DC71F009F8F78 /* 30.jpg */; };
		88542A31179DC71F009F8F78 /* 31.jpg in Resources */ = {isa = PBXBuildFile; fileRef = 885429EF179DC71F009F8F78 /* 31.jpg */; };
		88542A32179DC71F009F8F78 /* 32.jpg in Resources */ = {isa = PBXBuildFile; fileRef = 885429F0179DC71F009F8F78 /* 32.jpg */; };
		88542A33179DC71F009F8F78 /* 33.jpg in Resources */ = {isa = PBXBuildFile; fileRef = 885429F1179DC71F009F8F78 /* 33.jpg */; };
		88542A34179DC71F009F8F78 /* 34.jpg in Resources */ = {isa = PBXBuildFile; fileRef = 885429F2179DC71F009F8F78 /* 34.jpg */; };
		88542A35179DC71F009F8F78 /* 35.jpg in Resources */ = {isa = PBXBuildFile; fileRef = 885429F3179DC71F009F8F78 /* 35.jpg */; };
		88542A36179DC71F009F8F78 /* 36.jpg in Resources */ = {isa = PBXBuildFile; fileRef = 885429F4179DC71F009F8F78 /* 36.jpg */; };
		88542A37179DC71F009F8F78 /* 37.jpg in Resources */ = {isa = PBXBuildFile; fileRef = 885429F5179DC71F009F8F78 /* 37.jpg */; };
		88542A38179DC71F009F8F78 /* 38.jpg in Resources */ = {isa = PBXBuildFile; fileRef = 885429F6179DC71F009F8F78 /* 38.jpg */; };
		88542A39179DC71F009F8F78 /* 39.jpg in Resources */ = {isa = PBXBuildFile; fileRef = 885429F7179DC71F009F8F78 /* 39.jpg */; };
		88542A3A179DC71F009F8F78 /* 40.jpg in Resources */ = {isa = PBXBuildFile; fileRef = 885429F8179DC71F009F8F78 /* 40.jpg */; };
		88542A3B179DC71F009F8F78 /* 41.jpg in Resources */ = {isa = PBXBuildFile; fileRef = 885429F9179DC71F009F8F78 /* 41.jpg */; };
		88542A3C179DC71F009F8F78 /* 42.jpg in Resources */ = {isa = PBXBuildFile; fileRef = 885429FA179DC71F009F8F78 /* 42.jpg */; };
		88542A3D179DC71F009F8F78 /* 43.jpg in Resources */ = {isa = PBXBuildFile; fileRef = 885429FB179DC71F009F8F78 /* 43.jpg */; };
		88542A3E179DC71F009F8F78 /* 44.jpg in Resources */ = {isa = PBXBuildFile; fileRef = 885429FC179DC71F009F8F78 /* 44.jpg */; };
		88542A3F179DC71F009F8F78 /* 45.jpg in Resources */ = {isa = PBXBuildFile; fileRef = 885429FD179DC71F009F8F78 /* 45.jpg */; };
		88542A40179DC71F009F8F78 /* 46.jpg in Resources */ = {isa = PBXBuildFile; fileRef = 885429FE179DC71F009F8F78 /* 46.jpg */; };
		88542A41179DC71F009F8F78 /* 47.jpg in Resources */ = {isa = PBXBuildFile; fileRef = 885429FF179DC71F009F8F78 /* 47.jpg */; };
		88542A42179DC71F009F8F78 /* 48.jpg in Resources */ = {isa = PBXBuildFile; fileRef = 88542A00179DC71F009F8F78 /* 48.jpg */; };
		88542A43179DC71F009F8F78 /* 49.jpg in Resources */ = {isa = PBXBuildFile; fileRef = 88542A01179DC71F009F8F78 /* 49.jpg */; };
		88542A44179DC71F009F8F78 /* 50.jpg in Resources */ = {isa = PBXBuildFile; fileRef = 88542A02179DC71F009F8F78 /* 50.jpg */; };
		88542A45179DC71F009F8F78 /* 51.jpg in Resources */ = {isa = PBXBuildFile; fileRef = 88542A03179DC71F009F8F78 /* 51.jpg */; };
		88542A46179DC71F009F8F78 /* 52.jpg in Resources */ = {isa = PBXBuildFile; fileRef = 88542A04179DC71F009F8F78 /* 52.jpg */; };
		88542A47179DC71F009F8F78 /* 53.jpg in Resources */ = {isa = PBXBuildFile; fileRef = 88542A05179DC71F009F8F78 /* 53.jpg */; };
		88542A48179DC71F009F8F78 /* 54.jpg in Resources */ = {isa = PBXBuildFile; fileRef = 88542A06179DC71F009F8F78 /* 54.jpg */; };
		88542A49179DC71F009F8F78 /* 55.jpg in Resources */ = {isa = PBXBuildFile; fileRef = 88542A07179DC71F009F8F78 /* 55.jpg */; };
		88542A4A179DC71F009F8F78 /* 56.jpg in Resources */ = {isa = PBXBuildFile; fileRef = 88542A08179DC71F009F8F78 /* 56.jpg */; };
		88542A4B179DC71F009F8F78 /* 57.jpg in Resources */ = {isa = PBXBuildFile; fileRef = 88542A09179DC71F009F8F78 /* 57.jpg */; };
		88542A4C179DC71F009F8F78 /* 58.jpg in Resources */ = {isa = PBXBuildFile; fileRef = 88542A0A179DC71F009F8F78 /* 58.jpg */; };
		88542A4D179DC71F009F8F78 /* 59.jpg in Resources */ = {isa = PBXBuildFile; fileRef = 88542A0B179DC71F009F8F78 /* 59.jpg */; };
		88542A4E179DC71F009F8F78 /* 60.jpg in Resources */ = {isa = PBXBuildFile; fileRef = 88542A0C179DC71F009F8F78 /* 60.jpg */; };
		88542A4F179DC71F009F8F78 /* 61.jpg in Resources */ = {isa = PBXBuildFile; fileRef = 88542A0D179DC71F009F8F78 /* 61.jpg */; };
		88542A50179DC71F009F8F78 /* 62.jpg in Resources */ = {isa = PBXBuildFile; fileRef = 88542A0E179DC71F009F8F78 /* 62.jpg */; };
		88542A51179DC71F009F8F78 /* 63.jpg in Resources */ = {isa = PBXBuildFile; fileRef = 88542A0F179DC71F009F8F78 /* 63.jpg */; };
		88542A52179DC71F009F8F78 /* 64.jpg in Resources */ = {isa = PBXBuildFile; fileRef = 88542A10179DC71F009F8F78 /* 64.jpg */; };
		88542A53179DC71F009F8F78 /* 65.jpg in Resources */ = {isa = PBXBuildFile; fileRef = 88542A11179DC71F009F8F78 /* 65.jpg */; };
		88542A54179DC71F009F8F78 /* 66.jpg in Resources */ = {isa = PBXBuildFile; fileRef = 88542A12179DC71F009F8F78 /* 66.jpg */; };
		88542A5E179EFF88009F8F78 /* ConversationViewTableCell.m in Sources */ = {isa = PBXBuildFile; fileRef = 88542A5D179EFF88009F8F78 /* ConversationViewTableCell.m */; };
		8858476917A038AF00DD4979 /* timer.png in Resources */ = {isa = PBXBuildFile; fileRef = 8858476617A038AF00DD4979 /* timer.png */; };
		8858476C17A05F0B00DD4979 /* BubbleNibView.m in Sources */ = {isa = PBXBuildFile; fileRef = 8858476B17A05F0B00DD4979 /* BubbleNibView.m */; };
		8858476F17A08F6B00DD4979 /* checkmark.png in Resources */ = {isa = PBXBuildFile; fileRef = 8858476D17A08F6B00DD4979 /* checkmark.png */; };
		8858477017A08F6B00DD4979 /* failed.png in Resources */ = {isa = PBXBuildFile; fileRef = 8858476E17A08F6B00DD4979 /* failed.png */; };
		8858477317A1E5D500DD4979 /* ParticipantsViewController.m in Sources */ = {isa = PBXBuildFile; fileRef = 8858477217A1E5D500DD4979 /* ParticipantsViewController.m */; };
		8858477617A1EC3100DD4979 /* ParticipantTableCell.m in Sources */ = {isa = PBXBuildFile; fileRef = 8858477517A1EC3100DD4979 /* ParticipantTableCell.m */; };
		8858477917A20ACB00DD4979 /* ConversationsCell.m in Sources */ = {isa = PBXBuildFile; fileRef = 8858477817A20ACB00DD4979 /* ConversationsCell.m */; };
		88DA4AD9179B82C9006ECD0A /* Foundation.framework in Frameworks */ = {isa = PBXBuildFile; fileRef = 88DA4AD8179B82C9006ECD0A /* Foundation.framework */; };
		88DA4ADB179B82C9006ECD0A /* CoreGraphics.framework in Frameworks */ = {isa = PBXBuildFile; fileRef = 88DA4ADA179B82C9006ECD0A /* CoreGraphics.framework */; };
		88DA4ADD179B82C9006ECD0A /* UIKit.framework in Frameworks */ = {isa = PBXBuildFile; fileRef = 88DA4ADC179B82C9006ECD0A /* UIKit.framework */; };
		88DA4AE3179B82C9006ECD0A /* InfoPlist.strings in Resources */ = {isa = PBXBuildFile; fileRef = 88DA4AE1179B82C9006ECD0A /* InfoPlist.strings */; };
		88DA4AE5179B82C9006ECD0A /* main.m in Sources */ = {isa = PBXBuildFile; fileRef = 88DA4AE4179B82C9006ECD0A /* main.m */; };
		88DA4AE9179B82C9006ECD0A /* AppDelegate.m in Sources */ = {isa = PBXBuildFile; fileRef = 88DA4AE8179B82C9006ECD0A /* AppDelegate.m */; };
		88DA4AEB179B82C9006ECD0A /* Images.xcassets in Resources */ = {isa = PBXBuildFile; fileRef = 88DA4AEA179B82C9006ECD0A /* Images.xcassets */; };
		88DA4AF2179B82C9006ECD0A /* XCTest.framework in Frameworks */ = {isa = PBXBuildFile; fileRef = 88DA4AF1179B82C9006ECD0A /* XCTest.framework */; };
		88DA4AF3179B82C9006ECD0A /* Foundation.framework in Frameworks */ = {isa = PBXBuildFile; fileRef = 88DA4AD8179B82C9006ECD0A /* Foundation.framework */; };
		88DA4AF4179B82C9006ECD0A /* UIKit.framework in Frameworks */ = {isa = PBXBuildFile; fileRef = 88DA4ADC179B82C9006ECD0A /* UIKit.framework */; };
		88DA4AFC179B82C9006ECD0A /* InfoPlist.strings in Resources */ = {isa = PBXBuildFile; fileRef = 88DA4AFA179B82C9006ECD0A /* InfoPlist.strings */; };
		88DA4AFE179B82C9006ECD0A /* MessagesTests.m in Sources */ = {isa = PBXBuildFile; fileRef = 88DA4AFD179B82C9006ECD0A /* MessagesTests.m */; };
		88DA4B08179B82EF006ECD0A /* Main.storyboard in Resources */ = {isa = PBXBuildFile; fileRef = 88DA4B07179B82EF006ECD0A /* Main.storyboard */; };
		88DA4B0E179B84A2006ECD0A /* ConversationsViewController.m in Sources */ = {isa = PBXBuildFile; fileRef = 88DA4B0D179B84A2006ECD0A /* ConversationsViewController.m */; };
		88DA4B11179B860A006ECD0A /* RootNavigationController.m in Sources */ = {isa = PBXBuildFile; fileRef = 88DA4B10179B860A006ECD0A /* RootNavigationController.m */; };
		88DD55D417A583E200954C01 /* Message.m in Sources */ = {isa = PBXBuildFile; fileRef = 88DD55D317A583E200954C01 /* Message.m */; };
		88DD55D717A583E300954C01 /* Contact.m in Sources */ = {isa = PBXBuildFile; fileRef = 88DD55D617A583E300954C01 /* Contact.m */; };
		88DD55DA17A583E300954C01 /* Conversation.m in Sources */ = {isa = PBXBuildFile; fileRef = 88DD55D917A583E300954C01 /* Conversation.m */; };
		88DD55DC17A5927300954C01 /* CoreData.framework in Frameworks */ = {isa = PBXBuildFile; fileRef = 88DD55DB17A5927300954C01 /* CoreData.framework */; };
		88FFA67C179C3D4400B1F3BB /* ContactsViewController.m in Sources */ = {isa = PBXBuildFile; fileRef = 88FFA67B179C3D4400B1F3BB /* ContactsViewController.m */; };
/* End PBXBuildFile section */

/* Begin PBXContainerItemProxy section */
		88DA4AF5179B82C9006ECD0A /* PBXContainerItemProxy */ = {
			isa = PBXContainerItemProxy;
			containerPortal = 88DA4ACD179B82C9006ECD0A /* Project object */;
			proxyType = 1;
			remoteGlobalIDString = 88DA4AD4179B82C9006ECD0A;
			remoteInfo = Messages;
		};
/* End PBXContainerItemProxy section */

/* Begin PBXFileReference section */
		1F607D9D0B604A2B8E920D38 /* Pods.xcconfig */ = {isa = PBXFileReference; includeInIndex = 1; lastKnownFileType = text.xcconfig; name = Pods.xcconfig; path = Pods/Pods.xcconfig; sourceTree = SOURCE_ROOT; };
		880221D117A4576B004B3ED8 /* DataModel.xcdatamodel */ = {isa = PBXFileReference; lastKnownFileType = wrapper.xcdatamodel; path = DataModel.xcdatamodel; sourceTree = "<group>"; };
		885429C2179CAB12009F8F78 /* ContactTableCell.h */ = {isa = PBXFileReference; fileEncoding = 4; lastKnownFileType = sourcecode.c.h; path = ContactTableCell.h; sourceTree = "<group>"; };
		885429C3179CAB12009F8F78 /* ContactTableCell.m */ = {isa = PBXFileReference; fileEncoding = 4; lastKnownFileType = sourcecode.c.objc; path = ContactTableCell.m; sourceTree = "<group>"; };
		885429C9179DA471009F8F78 /* ConversationViewController.h */ = {isa = PBXFileReference; fileEncoding = 4; lastKnownFileType = sourcecode.c.h; path = ConversationViewController.h; sourceTree = "<group>"; };
		885429CA179DA471009F8F78 /* ConversationViewController.m */ = {isa = PBXFileReference; fileEncoding = 4; lastKnownFileType = sourcecode.c.objc; path = ConversationViewController.m; sourceTree = "<group>"; };
		885429CE179DB6CF009F8F78 /* ConversationTitleView.h */ = {isa = PBXFileReference; fileEncoding = 4; lastKnownFileType = sourcecode.c.h; path = ConversationTitleView.h; sourceTree = "<group>"; };
		885429CF179DB6CF009F8F78 /* ConversationTitleView.m */ = {isa = PBXFileReference; fileEncoding = 4; lastKnownFileType = sourcecode.c.objc; path = ConversationTitleView.m; sourceTree = "<group>"; };
		885429D1179DC71F009F8F78 /* 1.jpg */ = {isa = PBXFileReference; lastKnownFileType = image.jpeg; path = 1.jpg; sourceTree = "<group>"; };
		885429D2179DC71F009F8F78 /* 2.jpg */ = {isa = PBXFileReference; lastKnownFileType = image.jpeg; path = 2.jpg; sourceTree = "<group>"; };
		885429D3179DC71F009F8F78 /* 3.jpg */ = {isa = PBXFileReference; lastKnownFileType = image.jpeg; path = 3.jpg; sourceTree = "<group>"; };
		885429D4179DC71F009F8F78 /* 4.jpg */ = {isa = PBXFileReference; lastKnownFileType = image.jpeg; path = 4.jpg; sourceTree = "<group>"; };
		885429D5179DC71F009F8F78 /* 5.jpg */ = {isa = PBXFileReference; lastKnownFileType = image.jpeg; path = 5.jpg; sourceTree = "<group>"; };
		885429D6179DC71F009F8F78 /* 6.jpg */ = {isa = PBXFileReference; lastKnownFileType = image.jpeg; path = 6.jpg; sourceTree = "<group>"; };
		885429D7179DC71F009F8F78 /* 7.jpg */ = {isa = PBXFileReference; lastKnownFileType = image.jpeg; path = 7.jpg; sourceTree = "<group>"; };
		885429D8179DC71F009F8F78 /* 8.jpg */ = {isa = PBXFileReference; lastKnownFileType = image.jpeg; path = 8.jpg; sourceTree = "<group>"; };
		885429D9179DC71F009F8F78 /* 9.jpg */ = {isa = PBXFileReference; lastKnownFileType = image.jpeg; path = 9.jpg; sourceTree = "<group>"; };
		885429DA179DC71F009F8F78 /* 10.jpg */ = {isa = PBXFileReference; lastKnownFileType = image.jpeg; path = 10.jpg; sourceTree = "<group>"; };
		885429DB179DC71F009F8F78 /* 11.jpg */ = {isa = PBXFileReference; lastKnownFileType = image.jpeg; path = 11.jpg; sourceTree = "<group>"; };
		885429DC179DC71F009F8F78 /* 12.jpg */ = {isa = PBXFileReference; lastKnownFileType = image.jpeg; path = 12.jpg; sourceTree = "<group>"; };
		885429DD179DC71F009F8F78 /* 13.jpg */ = {isa = PBXFileReference; lastKnownFileType = image.jpeg; path = 13.jpg; sourceTree = "<group>"; };
		885429DE179DC71F009F8F78 /* 14.jpg */ = {isa = PBXFileReference; lastKnownFileType = image.jpeg; path = 14.jpg; sourceTree = "<group>"; };
		885429DF179DC71F009F8F78 /* 15.jpg */ = {isa = PBXFileReference; lastKnownFileType = image.jpeg; path = 15.jpg; sourceTree = "<group>"; };
		885429E0179DC71F009F8F78 /* 16.jpg */ = {isa = PBXFileReference; lastKnownFileType = image.jpeg; path = 16.jpg; sourceTree = "<group>"; };
		885429E1179DC71F009F8F78 /* 17.jpg */ = {isa = PBXFileReference; lastKnownFileType = image.jpeg; path = 17.jpg; sourceTree = "<group>"; };
		885429E2179DC71F009F8F78 /* 18.jpg */ = {isa = PBXFileReference; lastKnownFileType = image.jpeg; path = 18.jpg; sourceTree = "<group>"; };
		885429E3179DC71F009F8F78 /* 19.jpg */ = {isa = PBXFileReference; lastKnownFileType = image.jpeg; path = 19.jpg; sourceTree = "<group>"; };
		885429E4179DC71F009F8F78 /* 20.jpg */ = {isa = PBXFileReference; lastKnownFileType = image.jpeg; path = 20.jpg; sourceTree = "<group>"; };
		885429E5179DC71F009F8F78 /* 21.jpg */ = {isa = PBXFileReference; lastKnownFileType = image.jpeg; path = 21.jpg; sourceTree = "<group>"; };
		885429E6179DC71F009F8F78 /* 22.jpg */ = {isa = PBXFileReference; lastKnownFileType = image.jpeg; path = 22.jpg; sourceTree = "<group>"; };
		885429E7179DC71F009F8F78 /* 23.jpg */ = {isa = PBXFileReference; lastKnownFileType = image.jpeg; path = 23.jpg; sourceTree = "<group>"; };
		885429E8179DC71F009F8F78 /* 24.jpg */ = {isa = PBXFileReference; lastKnownFileType = image.jpeg; path = 24.jpg; sourceTree = "<group>"; };
		885429E9179DC71F009F8F78 /* 25.jpg */ = {isa = PBXFileReference; lastKnownFileType = image.jpeg; path = 25.jpg; sourceTree = "<group>"; };
		885429EA179DC71F009F8F78 /* 26.jpg */ = {isa = PBXFileReference; lastKnownFileType = image.jpeg; path = 26.jpg; sourceTree = "<group>"; };
		885429EB179DC71F009F8F78 /* 27.jpg */ = {isa = PBXFileReference; lastKnownFileType = image.jpeg; path = 27.jpg; sourceTree = "<group>"; };
		885429EC179DC71F009F8F78 /* 28.jpg */ = {isa = PBXFileReference; lastKnownFileType = image.jpeg; path = 28.jpg; sourceTree = "<group>"; };
		885429ED179DC71F009F8F78 /* 29.jpg */ = {isa = PBXFileReference; lastKnownFileType = image.jpeg; path = 29.jpg; sourceTree = "<group>"; };
		885429EE179DC71F009F8F78 /* 30.jpg */ = {isa = PBXFileReference; lastKnownFileType = image.jpeg; path = 30.jpg; sourceTree = "<group>"; };
		885429EF179DC71F009F8F78 /* 31.jpg */ = {isa = PBXFileReference; lastKnownFileType = image.jpeg; path = 31.jpg; sourceTree = "<group>"; };
		885429F0179DC71F009F8F78 /* 32.jpg */ = {isa = PBXFileReference; lastKnownFileType = image.jpeg; path = 32.jpg; sourceTree = "<group>"; };
		885429F1179DC71F009F8F78 /* 33.jpg */ = {isa = PBXFileReference; lastKnownFileType = image.jpeg; path = 33.jpg; sourceTree = "<group>"; };
		885429F2179DC71F009F8F78 /* 34.jpg */ = {isa = PBXFileReference; lastKnownFileType = image.jpeg; path = 34.jpg; sourceTree = "<group>"; };
		885429F3179DC71F009F8F78 /* 35.jpg */ = {isa = PBXFileReference; lastKnownFileType = image.jpeg; path = 35.jpg; sourceTree = "<group>"; };
		885429F4179DC71F009F8F78 /* 36.jpg */ = {isa = PBXFileReference; lastKnownFileType = image.jpeg; path = 36.jpg; sourceTree = "<group>"; };
		885429F5179DC71F009F8F78 /* 37.jpg */ = {isa = PBXFileReference; lastKnownFileType = image.jpeg; path = 37.jpg; sourceTree = "<group>"; };
		885429F6179DC71F009F8F78 /* 38.jpg */ = {isa = PBXFileReference; lastKnownFileType = image.jpeg; path = 38.jpg; sourceTree = "<group>"; };
		885429F7179DC71F009F8F78 /* 39.jpg */ = {isa = PBXFileReference; lastKnownFileType = image.jpeg; path = 39.jpg; sourceTree = "<group>"; };
		885429F8179DC71F009F8F78 /* 40.jpg */ = {isa = PBXFileReference; lastKnownFileType = image.jpeg; path = 40.jpg; sourceTree = "<group>"; };
		885429F9179DC71F009F8F78 /* 41.jpg */ = {isa = PBXFileReference; lastKnownFileType = image.jpeg; path = 41.jpg; sourceTree = "<group>"; };
		885429FA179DC71F009F8F78 /* 42.jpg */ = {isa = PBXFileReference; lastKnownFileType = image.jpeg; path = 42.jpg; sourceTree = "<group>"; };
		885429FB179DC71F009F8F78 /* 43.jpg */ = {isa = PBXFileReference; lastKnownFileType = image.jpeg; path = 43.jpg; sourceTree = "<group>"; };
		885429FC179DC71F009F8F78 /* 44.jpg */ = {isa = PBXFileReference; lastKnownFileType = image.jpeg; path = 44.jpg; sourceTree = "<group>"; };
		885429FD179DC71F009F8F78 /* 45.jpg */ = {isa = PBXFileReference; lastKnownFileType = image.jpeg; path = 45.jpg; sourceTree = "<group>"; };
		885429FE179DC71F009F8F78 /* 46.jpg */ = {isa = PBXFileReference; lastKnownFileType = image.jpeg; path = 46.jpg; sourceTree = "<group>"; };
		885429FF179DC71F009F8F78 /* 47.jpg */ = {isa = PBXFileReference; lastKnownFileType = image.jpeg; path = 47.jpg; sourceTree = "<group>"; };
		88542A00179DC71F009F8F78 /* 48.jpg */ = {isa = PBXFileReference; lastKnownFileType = image.jpeg; path = 48.jpg; sourceTree = "<group>"; };
		88542A01179DC71F009F8F78 /* 49.jpg */ = {isa = PBXFileReference; lastKnownFileType = image.jpeg; path = 49.jpg; sourceTree = "<group>"; };
		88542A02179DC71F009F8F78 /* 50.jpg */ = {isa = PBXFileReference; lastKnownFileType = image.jpeg; path = 50.jpg; sourceTree = "<group>"; };
		88542A03179DC71F009F8F78 /* 51.jpg */ = {isa = PBXFileReference; lastKnownFileType = image.jpeg; path = 51.jpg; sourceTree = "<group>"; };
		88542A04179DC71F009F8F78 /* 52.jpg */ = {isa = PBXFileReference; lastKnownFileType = image.jpeg; path = 52.jpg; sourceTree = "<group>"; };
		88542A05179DC71F009F8F78 /* 53.jpg */ = {isa = PBXFileReference; lastKnownFileType = image.jpeg; path = 53.jpg; sourceTree = "<group>"; };
		88542A06179DC71F009F8F78 /* 54.jpg */ = {isa = PBXFileReference; lastKnownFileType = image.jpeg; path = 54.jpg; sourceTree = "<group>"; };
		88542A07179DC71F009F8F78 /* 55.jpg */ = {isa = PBXFileReference; lastKnownFileType = image.jpeg; path = 55.jpg; sourceTree = "<group>"; };
		88542A08179DC71F009F8F78 /* 56.jpg */ = {isa = PBXFileReference; lastKnownFileType = image.jpeg; path = 56.jpg; sourceTree = "<group>"; };
		88542A09179DC71F009F8F78 /* 57.jpg */ = {isa = PBXFileReference; lastKnownFileType = image.jpeg; path = 57.jpg; sourceTree = "<group>"; };
		88542A0A179DC71F009F8F78 /* 58.jpg */ = {isa = PBXFileReference; lastKnownFileType = image.jpeg; path = 58.jpg; sourceTree = "<group>"; };
		88542A0B179DC71F009F8F78 /* 59.jpg */ = {isa = PBXFileReference; lastKnownFileType = image.jpeg; path = 59.jpg; sourceTree = "<group>"; };
		88542A0C179DC71F009F8F78 /* 60.jpg */ = {isa = PBXFileReference; lastKnownFileType = image.jpeg; path = 60.jpg; sourceTree = "<group>"; };
		88542A0D179DC71F009F8F78 /* 61.jpg */ = {isa = PBXFileReference; lastKnownFileType = image.jpeg; path = 61.jpg; sourceTree = "<group>"; };
		88542A0E179DC71F009F8F78 /* 62.jpg */ = {isa = PBXFileReference; lastKnownFileType = image.jpeg; path = 62.jpg; sourceTree = "<group>"; };
		88542A0F179DC71F009F8F78 /* 63.jpg */ = {isa = PBXFileReference; lastKnownFileType = image.jpeg; path = 63.jpg; sourceTree = "<group>"; };
		88542A10179DC71F009F8F78 /* 64.jpg */ = {isa = PBXFileReference; lastKnownFileType = image.jpeg; path = 64.jpg; sourceTree = "<group>"; };
		88542A11179DC71F009F8F78 /* 65.jpg */ = {isa = PBXFileReference; lastKnownFileType = image.jpeg; path = 65.jpg; sourceTree = "<group>"; };
		88542A12179DC71F009F8F78 /* 66.jpg */ = {isa = PBXFileReference; lastKnownFileType = image.jpeg; path = 66.jpg; sourceTree = "<group>"; };
		88542A5C179EFF88009F8F78 /* ConversationViewTableCell.h */ = {isa = PBXFileReference; fileEncoding = 4; lastKnownFileType = sourcecode.c.h; path = ConversationViewTableCell.h; sourceTree = "<group>"; };
		88542A5D179EFF88009F8F78 /* ConversationViewTableCell.m */ = {isa = PBXFileReference; fileEncoding = 4; lastKnownFileType = sourcecode.c.objc; path = ConversationViewTableCell.m; sourceTree = "<group>"; };
		8858476617A038AF00DD4979 /* timer.png */ = {isa = PBXFileReference; lastKnownFileType = image.png; path = timer.png; sourceTree = "<group>"; };
		8858476A17A05F0B00DD4979 /* BubbleNibView.h */ = {isa = PBXFileReference; fileEncoding = 4; lastKnownFileType = sourcecode.c.h; path = BubbleNibView.h; sourceTree = "<group>"; };
		8858476B17A05F0B00DD4979 /* BubbleNibView.m */ = {isa = PBXFileReference; fileEncoding = 4; lastKnownFileType = sourcecode.c.objc; path = BubbleNibView.m; sourceTree = "<group>"; };
		8858476D17A08F6B00DD4979 /* checkmark.png */ = {isa = PBXFileReference; lastKnownFileType = image.png; path = checkmark.png; sourceTree = "<group>"; };
		8858476E17A08F6B00DD4979 /* failed.png */ = {isa = PBXFileReference; lastKnownFileType = image.png; path = failed.png; sourceTree = "<group>"; };
		8858477117A1E5D500DD4979 /* ParticipantsViewController.h */ = {isa = PBXFileReference; fileEncoding = 4; lastKnownFileType = sourcecode.c.h; path = ParticipantsViewController.h; sourceTree = "<group>"; };
		8858477217A1E5D500DD4979 /* ParticipantsViewController.m */ = {isa = PBXFileReference; fileEncoding = 4; lastKnownFileType = sourcecode.c.objc; path = ParticipantsViewController.m; sourceTree = "<group>"; };
		8858477417A1EC3100DD4979 /* ParticipantTableCell.h */ = {isa = PBXFileReference; fileEncoding = 4; lastKnownFileType = sourcecode.c.h; path = ParticipantTableCell.h; sourceTree = "<group>"; };
		8858477517A1EC3100DD4979 /* ParticipantTableCell.m */ = {isa = PBXFileReference; fileEncoding = 4; lastKnownFileType = sourcecode.c.objc; path = ParticipantTableCell.m; sourceTree = "<group>"; };
		8858477717A20ACB00DD4979 /* ConversationsCell.h */ = {isa = PBXFileReference; fileEncoding = 4; lastKnownFileType = sourcecode.c.h; path = ConversationsCell.h; sourceTree = "<group>"; };
		8858477817A20ACB00DD4979 /* ConversationsCell.m */ = {isa = PBXFileReference; fileEncoding = 4; lastKnownFileType = sourcecode.c.objc; path = ConversationsCell.m; sourceTree = "<group>"; };
		88DA4AD5179B82C9006ECD0A /* Messages.app */ = {isa = PBXFileReference; explicitFileType = wrapper.application; includeInIndex = 0; path = Messages.app; sourceTree = BUILT_PRODUCTS_DIR; };
		88DA4AD8179B82C9006ECD0A /* Foundation.framework */ = {isa = PBXFileReference; lastKnownFileType = wrapper.framework; name = Foundation.framework; path = System/Library/Frameworks/Foundation.framework; sourceTree = SDKROOT; };
		88DA4ADA179B82C9006ECD0A /* CoreGraphics.framework */ = {isa = PBXFileReference; lastKnownFileType = wrapper.framework; name = CoreGraphics.framework; path = System/Library/Frameworks/CoreGraphics.framework; sourceTree = SDKROOT; };
		88DA4ADC179B82C9006ECD0A /* UIKit.framework */ = {isa = PBXFileReference; lastKnownFileType = wrapper.framework; name = UIKit.framework; path = System/Library/Frameworks/UIKit.framework; sourceTree = SDKROOT; };
		88DA4AE0179B82C9006ECD0A /* Messages-Info.plist */ = {isa = PBXFileReference; lastKnownFileType = text.plist.xml; path = "Messages-Info.plist"; sourceTree = "<group>"; };
		88DA4AE2179B82C9006ECD0A /* en */ = {isa = PBXFileReference; lastKnownFileType = text.plist.strings; name = en; path = en.lproj/InfoPlist.strings; sourceTree = "<group>"; };
		88DA4AE4179B82C9006ECD0A /* main.m */ = {isa = PBXFileReference; lastKnownFileType = sourcecode.c.objc; path = main.m; sourceTree = "<group>"; };
		88DA4AE6179B82C9006ECD0A /* Messages-Prefix.pch */ = {isa = PBXFileReference; lastKnownFileType = sourcecode.c.h; path = "Messages-Prefix.pch"; sourceTree = "<group>"; };
		88DA4AE7179B82C9006ECD0A /* AppDelegate.h */ = {isa = PBXFileReference; lastKnownFileType = sourcecode.c.h; path = AppDelegate.h; sourceTree = "<group>"; };
		88DA4AE8179B82C9006ECD0A /* AppDelegate.m */ = {isa = PBXFileReference; lastKnownFileType = sourcecode.c.objc; path = AppDelegate.m; sourceTree = "<group>"; };
		88DA4AEA179B82C9006ECD0A /* Images.xcassets */ = {isa = PBXFileReference; lastKnownFileType = folder.assetcatalog; path = Images.xcassets; sourceTree = "<group>"; };
		88DA4AF0179B82C9006ECD0A /* MessagesTests.xctest */ = {isa = PBXFileReference; explicitFileType = wrapper.cfbundle; includeInIndex = 0; path = MessagesTests.xctest; sourceTree = BUILT_PRODUCTS_DIR; };
		88DA4AF1179B82C9006ECD0A /* XCTest.framework */ = {isa = PBXFileReference; lastKnownFileType = wrapper.framework; name = XCTest.framework; path = Library/Frameworks/XCTest.framework; sourceTree = DEVELOPER_DIR; };
		88DA4AF9179B82C9006ECD0A /* MessagesTests-Info.plist */ = {isa = PBXFileReference; lastKnownFileType = text.plist.xml; path = "MessagesTests-Info.plist"; sourceTree = "<group>"; };
		88DA4AFB179B82C9006ECD0A /* en */ = {isa = PBXFileReference; lastKnownFileType = text.plist.strings; name = en; path = en.lproj/InfoPlist.strings; sourceTree = "<group>"; };
		88DA4AFD179B82C9006ECD0A /* MessagesTests.m */ = {isa = PBXFileReference; lastKnownFileType = sourcecode.c.objc; path = MessagesTests.m; sourceTree = "<group>"; };
		88DA4B07179B82EF006ECD0A /* Main.storyboard */ = {isa = PBXFileReference; fileEncoding = 4; lastKnownFileType = file.storyboard; path = Main.storyboard; sourceTree = "<group>"; };
		88DA4B0C179B84A2006ECD0A /* ConversationsViewController.h */ = {isa = PBXFileReference; fileEncoding = 4; lastKnownFileType = sourcecode.c.h; path = ConversationsViewController.h; sourceTree = "<group>"; };
		88DA4B0D179B84A2006ECD0A /* ConversationsViewController.m */ = {isa = PBXFileReference; fileEncoding = 4; lastKnownFileType = sourcecode.c.objc; path = ConversationsViewController.m; sourceTree = "<group>"; };
		88DA4B0F179B860A006ECD0A /* RootNavigationController.h */ = {isa = PBXFileReference; fileEncoding = 4; lastKnownFileType = sourcecode.c.h; path = RootNavigationController.h; sourceTree = "<group>"; };
		88DA4B10179B860A006ECD0A /* RootNavigationController.m */ = {isa = PBXFileReference; fileEncoding = 4; lastKnownFileType = sourcecode.c.objc; path = RootNavigationController.m; sourceTree = "<group>"; };
		88DD55D217A583E200954C01 /* Message.h */ = {isa = PBXFileReference; fileEncoding = 4; lastKnownFileType = sourcecode.c.h; path = Message.h; sourceTree = "<group>"; };
		88DD55D317A583E200954C01 /* Message.m */ = {isa = PBXFileReference; fileEncoding = 4; lastKnownFileType = sourcecode.c.objc; path = Message.m; sourceTree = "<group>"; };
		88DD55D517A583E300954C01 /* Contact.h */ = {isa = PBXFileReference; fileEncoding = 4; lastKnownFileType = sourcecode.c.h; path = Contact.h; sourceTree = "<group>"; };
		88DD55D617A583E300954C01 /* Contact.m */ = {isa = PBXFileReference; fileEncoding = 4; lastKnownFileType = sourcecode.c.objc; path = Contact.m; sourceTree = "<group>"; };
		88DD55D817A583E300954C01 /* Conversation.h */ = {isa = PBXFileReference; fileEncoding = 4; lastKnownFileType = sourcecode.c.h; path = Conversation.h; sourceTree = "<group>"; };
		88DD55D917A583E300954C01 /* Conversation.m */ = {isa = PBXFileReference; fileEncoding = 4; lastKnownFileType = sourcecode.c.objc; path = Conversation.m; sourceTree = "<group>"; };
		88DD55DB17A5927300954C01 /* CoreData.framework */ = {isa = PBXFileReference; lastKnownFileType = wrapper.framework; name = CoreData.framework; path = System/Library/Frameworks/CoreData.framework; sourceTree = SDKROOT; };
		88FFA67A179C3D4400B1F3BB /* ContactsViewController.h */ = {isa = PBXFileReference; fileEncoding = 4; lastKnownFileType = sourcecode.c.h; path = ContactsViewController.h; sourceTree = "<group>"; };
		88FFA67B179C3D4400B1F3BB /* ContactsViewController.m */ = {isa = PBXFileReference; fileEncoding = 4; lastKnownFileType = sourcecode.c.objc; path = ContactsViewController.m; sourceTree = "<group>"; };
		F71820E194564976ABA14608 /* libPods.a */ = {isa = PBXFileReference; explicitFileType = archive.ar; includeInIndex = 0; path = libPods.a; sourceTree = BUILT_PRODUCTS_DIR; };
/* End PBXFileReference section */

/* Begin PBXFrameworksBuildPhase section */
		88DA4AD2179B82C9006ECD0A /* Frameworks */ = {
			isa = PBXFrameworksBuildPhase;
			buildActionMask = 2147483647;
			files = (
				88DD55DC17A5927300954C01 /* CoreData.framework in Frameworks */,
				88DA4ADB179B82C9006ECD0A /* CoreGraphics.framework in Frameworks */,
				88DA4ADD179B82C9006ECD0A /* UIKit.framework in Frameworks */,
				88DA4AD9179B82C9006ECD0A /* Foundation.framework in Frameworks */,
				2F7C53DACB0F4BF69A00A9CF /* libPods.a in Frameworks */,
			);
			runOnlyForDeploymentPostprocessing = 0;
		};
		88DA4AED179B82C9006ECD0A /* Frameworks */ = {
			isa = PBXFrameworksBuildPhase;
			buildActionMask = 2147483647;
			files = (
				88DA4AF2179B82C9006ECD0A /* XCTest.framework in Frameworks */,
				88DA4AF4179B82C9006ECD0A /* UIKit.framework in Frameworks */,
				88DA4AF3179B82C9006ECD0A /* Foundation.framework in Frameworks */,
			);
			runOnlyForDeploymentPostprocessing = 0;
		};
/* End PBXFrameworksBuildPhase section */

/* Begin PBXGroup section */
		880221DC17A45A73004B3ED8 /* Model Classes */ = {
			isa = PBXGroup;
			children = (
				88DD55D817A583E300954C01 /* Conversation.h */,
				88DD55D917A583E300954C01 /* Conversation.m */,
				88DD55D517A583E300954C01 /* Contact.h */,
				88DD55D617A583E300954C01 /* Contact.m */,
				88DD55D217A583E200954C01 /* Message.h */,
				88DD55D317A583E200954C01 /* Message.m */,
			);
			name = "Model Classes";
			sourceTree = "<group>";
		};
		8858475D17A0344C00DD4979 /* Icons */ = {
			isa = PBXGroup;
			children = (
				8858476D17A08F6B00DD4979 /* checkmark.png */,
				8858476E17A08F6B00DD4979 /* failed.png */,
				8858476617A038AF00DD4979 /* timer.png */,
			);
			name = Icons;
			sourceTree = "<group>";
		};
		88DA4ACC179B82C9006ECD0A = {
			isa = PBXGroup;
			children = (
				88DA4ADE179B82C9006ECD0A /* Messages */,
				88DA4AF7179B82C9006ECD0A /* MessagesTests */,
				88DA4AD7179B82C9006ECD0A /* Frameworks */,
				88DA4AD6179B82C9006ECD0A /* Products */,
				1F607D9D0B604A2B8E920D38 /* Pods.xcconfig */,
			);
			sourceTree = "<group>";
		};
		88DA4AD6179B82C9006ECD0A /* Products */ = {
			isa = PBXGroup;
			children = (
				88DA4AD5179B82C9006ECD0A /* Messages.app */,
				88DA4AF0179B82C9006ECD0A /* MessagesTests.xctest */,
			);
			name = Products;
			sourceTree = "<group>";
		};
		88DA4AD7179B82C9006ECD0A /* Frameworks */ = {
			isa = PBXGroup;
			children = (
				88DD55DB17A5927300954C01 /* CoreData.framework */,
				88DA4AD8179B82C9006ECD0A /* Foundation.framework */,
				88DA4ADA179B82C9006ECD0A /* CoreGraphics.framework */,
				88DA4ADC179B82C9006ECD0A /* UIKit.framework */,
				88DA4AF1179B82C9006ECD0A /* XCTest.framework */,
				F71820E194564976ABA14608 /* libPods.a */,
			);
			name = Frameworks;
			sourceTree = "<group>";
		};
		88DA4ADE179B82C9006ECD0A /* Messages */ = {
			isa = PBXGroup;
			children = (
				88DA4AE7179B82C9006ECD0A /* AppDelegate.h */,
				88DA4AE8179B82C9006ECD0A /* AppDelegate.m */,
				88DA4B0F179B860A006ECD0A /* RootNavigationController.h */,
				88DA4B10179B860A006ECD0A /* RootNavigationController.m */,
				88E56E7B17AB42F700860AE4 /* Participants View */,
				88E56E7A17AB42DB00860AE4 /* Contacts View */,
				88E56E7917AB42B700860AE4 /* Conversation View */,
				88E56E7817AB429D00860AE4 /* Conversations View */,
				88E56E7317AB41AC00860AE4 /* Resources */,
				880221DC17A45A73004B3ED8 /* Model Classes */,
				88DA4AEA179B82C9006ECD0A /* Images.xcassets */,
				88DA4ADF179B82C9006ECD0A /* Supporting Files */,
			);
			path = Messages;
			sourceTree = "<group>";
		};
		88DA4ADF179B82C9006ECD0A /* Supporting Files */ = {
			isa = PBXGroup;
			children = (
				88FFA613179C3B2000B1F3BB /* Avatars */,
				88DA4AE0179B82C9006ECD0A /* Messages-Info.plist */,
				88DA4AE1179B82C9006ECD0A /* InfoPlist.strings */,
				88DA4AE4179B82C9006ECD0A /* main.m */,
				88DA4AE6179B82C9006ECD0A /* Messages-Prefix.pch */,
			);
			name = "Supporting Files";
			sourceTree = "<group>";
		};
		88DA4AF7179B82C9006ECD0A /* MessagesTests */ = {
			isa = PBXGroup;
			children = (
				88DA4AFD179B82C9006ECD0A /* MessagesTests.m */,
				88DA4AF8179B82C9006ECD0A /* Supporting Files */,
			);
			path = MessagesTests;
			sourceTree = "<group>";
		};
		88DA4AF8179B82C9006ECD0A /* Supporting Files */ = {
			isa = PBXGroup;
			children = (
				88DA4AF9179B82C9006ECD0A /* MessagesTests-Info.plist */,
				88DA4AFA179B82C9006ECD0A /* InfoPlist.strings */,
			);
			name = "Supporting Files";
			sourceTree = "<group>";
		};
		88E56E7317AB41AC00860AE4 /* Resources */ = {
			isa = PBXGroup;
			children = (
				8858475D17A0344C00DD4979 /* Icons */,
				88DA4B07179B82EF006ECD0A /* Main.storyboard */,
				880221D017A4576B004B3ED8 /* DataModel.xcdatamodeld */,
			);
			name = Resources;
			sourceTree = "<group>";
		};
		88E56E7817AB429D00860AE4 /* Conversations View */ = {
			isa = PBXGroup;
			children = (
				8858477717A20ACB00DD4979 /* ConversationsCell.h */,
				8858477817A20ACB00DD4979 /* ConversationsCell.m */,
				88DA4B0C179B84A2006ECD0A /* ConversationsViewController.h */,
				88DA4B0D179B84A2006ECD0A /* ConversationsViewController.m */,
			);
			name = "Conversations View";
			sourceTree = "<group>";
		};
		88E56E7917AB42B700860AE4 /* Conversation View */ = {
			isa = PBXGroup;
			children = (
				8858476A17A05F0B00DD4979 /* BubbleNibView.h */,
				8858476B17A05F0B00DD4979 /* BubbleNibView.m */,
				885429CE179DB6CF009F8F78 /* ConversationTitleView.h */,
				885429CF179DB6CF009F8F78 /* ConversationTitleView.m */,
				88542A5C179EFF88009F8F78 /* ConversationViewTableCell.h */,
				88542A5D179EFF88009F8F78 /* ConversationViewTableCell.m */,
				885429C9179DA471009F8F78 /* ConversationViewController.h */,
				885429CA179DA471009F8F78 /* ConversationViewController.m */,
			);
			name = "Conversation View";
			sourceTree = "<group>";
		};
		88E56E7A17AB42DB00860AE4 /* Contacts View */ = {
			isa = PBXGroup;
			children = (
				885429C2179CAB12009F8F78 /* ContactTableCell.h */,
				885429C3179CAB12009F8F78 /* ContactTableCell.m */,
				88FFA67A179C3D4400B1F3BB /* ContactsViewController.h */,
				88FFA67B179C3D4400B1F3BB /* ContactsViewController.m */,
			);
			name = "Contacts View";
			sourceTree = "<group>";
		};
		88E56E7B17AB42F700860AE4 /* Participants View */ = {
			isa = PBXGroup;
			children = (
				8858477417A1EC3100DD4979 /* ParticipantTableCell.h */,
				8858477517A1EC3100DD4979 /* ParticipantTableCell.m */,
				8858477117A1E5D500DD4979 /* ParticipantsViewController.h */,
				8858477217A1E5D500DD4979 /* ParticipantsViewController.m */,
			);
			name = "Participants View";
			sourceTree = "<group>";
		};
		88FFA613179C3B2000B1F3BB /* Avatars */ = {
			isa = PBXGroup;
			children = (
				885429D1179DC71F009F8F78 /* 1.jpg */,
				885429D2179DC71F009F8F78 /* 2.jpg */,
				885429D3179DC71F009F8F78 /* 3.jpg */,
				885429D4179DC71F009F8F78 /* 4.jpg */,
				885429D5179DC71F009F8F78 /* 5.jpg */,
				885429D6179DC71F009F8F78 /* 6.jpg */,
				885429D7179DC71F009F8F78 /* 7.jpg */,
				885429D8179DC71F009F8F78 /* 8.jpg */,
				885429D9179DC71F009F8F78 /* 9.jpg */,
				885429DA179DC71F009F8F78 /* 10.jpg */,
				885429DB179DC71F009F8F78 /* 11.jpg */,
				885429DC179DC71F009F8F78 /* 12.jpg */,
				885429DD179DC71F009F8F78 /* 13.jpg */,
				885429DE179DC71F009F8F78 /* 14.jpg */,
				885429DF179DC71F009F8F78 /* 15.jpg */,
				885429E0179DC71F009F8F78 /* 16.jpg */,
				885429E1179DC71F009F8F78 /* 17.jpg */,
				885429E2179DC71F009F8F78 /* 18.jpg */,
				885429E3179DC71F009F8F78 /* 19.jpg */,
				885429E4179DC71F009F8F78 /* 20.jpg */,
				885429E5179DC71F009F8F78 /* 21.jpg */,
				885429E6179DC71F009F8F78 /* 22.jpg */,
				885429E7179DC71F009F8F78 /* 23.jpg */,
				885429E8179DC71F009F8F78 /* 24.jpg */,
				885429E9179DC71F009F8F78 /* 25.jpg */,
				885429EA179DC71F009F8F78 /* 26.jpg */,
				885429EB179DC71F009F8F78 /* 27.jpg */,
				885429EC179DC71F009F8F78 /* 28.jpg */,
				885429ED179DC71F009F8F78 /* 29.jpg */,
				885429EE179DC71F009F8F78 /* 30.jpg */,
				885429EF179DC71F009F8F78 /* 31.jpg */,
				885429F0179DC71F009F8F78 /* 32.jpg */,
				885429F1179DC71F009F8F78 /* 33.jpg */,
				885429F2179DC71F009F8F78 /* 34.jpg */,
				885429F3179DC71F009F8F78 /* 35.jpg */,
				885429F4179DC71F009F8F78 /* 36.jpg */,
				885429F5179DC71F009F8F78 /* 37.jpg */,
				885429F6179DC71F009F8F78 /* 38.jpg */,
				885429F7179DC71F009F8F78 /* 39.jpg */,
				885429F8179DC71F009F8F78 /* 40.jpg */,
				885429F9179DC71F009F8F78 /* 41.jpg */,
				885429FA179DC71F009F8F78 /* 42.jpg */,
				885429FB179DC71F009F8F78 /* 43.jpg */,
				885429FC179DC71F009F8F78 /* 44.jpg */,
				885429FD179DC71F009F8F78 /* 45.jpg */,
				885429FE179DC71F009F8F78 /* 46.jpg */,
				885429FF179DC71F009F8F78 /* 47.jpg */,
				88542A00179DC71F009F8F78 /* 48.jpg */,
				88542A01179DC71F009F8F78 /* 49.jpg */,
				88542A02179DC71F009F8F78 /* 50.jpg */,
				88542A03179DC71F009F8F78 /* 51.jpg */,
				88542A04179DC71F009F8F78 /* 52.jpg */,
				88542A05179DC71F009F8F78 /* 53.jpg */,
				88542A06179DC71F009F8F78 /* 54.jpg */,
				88542A07179DC71F009F8F78 /* 55.jpg */,
				88542A08179DC71F009F8F78 /* 56.jpg */,
				88542A09179DC71F009F8F78 /* 57.jpg */,
				88542A0A179DC71F009F8F78 /* 58.jpg */,
				88542A0B179DC71F009F8F78 /* 59.jpg */,
				88542A0C179DC71F009F8F78 /* 60.jpg */,
				88542A0D179DC71F009F8F78 /* 61.jpg */,
				88542A0E179DC71F009F8F78 /* 62.jpg */,
				88542A0F179DC71F009F8F78 /* 63.jpg */,
				88542A10179DC71F009F8F78 /* 64.jpg */,
				88542A11179DC71F009F8F78 /* 65.jpg */,
				88542A12179DC71F009F8F78 /* 66.jpg */,
			);
			name = Avatars;
			sourceTree = "<group>";
		};
/* End PBXGroup section */

/* Begin PBXNativeTarget section */
		88DA4AD4179B82C9006ECD0A /* Messages */ = {
			isa = PBXNativeTarget;
			buildConfigurationList = 88DA4B01179B82C9006ECD0A /* Build configuration list for PBXNativeTarget "Messages" */;
			buildPhases = (
				17466A7CC0A3457282A85BB1 /* Check Pods Manifest.lock */,
				88DA4AD1179B82C9006ECD0A /* Sources */,
				88DA4AD2179B82C9006ECD0A /* Frameworks */,
				88DA4AD3179B82C9006ECD0A /* Resources */,
				C554DB46FBB64F51BD254378 /* Copy Pods Resources */,
			);
			buildRules = (
			);
			dependencies = (
			);
			name = Messages;
			productName = Messages;
			productReference = 88DA4AD5179B82C9006ECD0A /* Messages.app */;
			productType = "com.apple.product-type.application";
		};
		88DA4AEF179B82C9006ECD0A /* MessagesTests */ = {
			isa = PBXNativeTarget;
			buildConfigurationList = 88DA4B04179B82C9006ECD0A /* Build configuration list for PBXNativeTarget "MessagesTests" */;
			buildPhases = (
				88DA4AEC179B82C9006ECD0A /* Sources */,
				88DA4AED179B82C9006ECD0A /* Frameworks */,
				88DA4AEE179B82C9006ECD0A /* Resources */,
			);
			buildRules = (
			);
			dependencies = (
				88DA4AF6179B82C9006ECD0A /* PBXTargetDependency */,
			);
			name = MessagesTests;
			productName = MessagesTests;
			productReference = 88DA4AF0179B82C9006ECD0A /* MessagesTests.xctest */;
			productType = "com.apple.product-type.bundle.unit-test";
		};
/* End PBXNativeTarget section */

/* Begin PBXProject section */
		88DA4ACD179B82C9006ECD0A /* Project object */ = {
			isa = PBXProject;
			attributes = {
				LastUpgradeCheck = 0500;
				ORGANIZATIONNAME = Cupcake;
				TargetAttributes = {
					88DA4AEF179B82C9006ECD0A = {
						TestTargetID = 88DA4AD4179B82C9006ECD0A;
					};
				};
			};
			buildConfigurationList = 88DA4AD0179B82C9006ECD0A /* Build configuration list for PBXProject "Messages" */;
			compatibilityVersion = "Xcode 3.2";
			developmentRegion = English;
			hasScannedForEncodings = 0;
			knownRegions = (
				en,
			);
			mainGroup = 88DA4ACC179B82C9006ECD0A;
			productRefGroup = 88DA4AD6179B82C9006ECD0A /* Products */;
			projectDirPath = "";
			projectRoot = "";
			targets = (
				88DA4AD4179B82C9006ECD0A /* Messages */,
				88DA4AEF179B82C9006ECD0A /* MessagesTests */,
			);
		};
/* End PBXProject section */

/* Begin PBXResourcesBuildPhase section */
		88DA4AD3179B82C9006ECD0A /* Resources */ = {
			isa = PBXResourcesBuildPhase;
			buildActionMask = 2147483647;
			files = (
				88542A51179DC71F009F8F78 /* 63.jpg in Resources */,
				88542A50179DC71F009F8F78 /* 62.jpg in Resources */,
				88542A3A179DC71F009F8F78 /* 40.jpg in Resources */,
				88542A36179DC71F009F8F78 /* 36.jpg in Resources */,
				88542A3E179DC71F009F8F78 /* 44.jpg in Resources */,
				88542A32179DC71F009F8F78 /* 32.jpg in Resources */,
				88542A2F179DC71F009F8F78 /* 29.jpg in Resources */,
				88542A29179DC71F009F8F78 /* 23.jpg in Resources */,
				88542A3C179DC71F009F8F78 /* 42.jpg in Resources */,
				88542A1C179DC71F009F8F78 /* 10.jpg in Resources */,
				88542A2C179DC71F009F8F78 /* 26.jpg in Resources */,
				88542A3D179DC71F009F8F78 /* 43.jpg in Resources */,
				88542A1A179DC71F009F8F78 /* 8.jpg in Resources */,
				88542A26179DC71F009F8F78 /* 20.jpg in Resources */,
				88542A18179DC71F009F8F78 /* 6.jpg in Resources */,
				88DA4B08179B82EF006ECD0A /* Main.storyboard in Resources */,
				88542A3F179DC71F009F8F78 /* 45.jpg in Resources */,
				88542A46179DC71F009F8F78 /* 52.jpg in Resources */,
				88542A48179DC71F009F8F78 /* 54.jpg in Resources */,
				88542A17179DC71F009F8F78 /* 5.jpg in Resources */,
				88542A24179DC71F009F8F78 /* 18.jpg in Resources */,
				88542A23179DC71F009F8F78 /* 17.jpg in Resources */,
				88542A31179DC71F009F8F78 /* 31.jpg in Resources */,
				88542A2D179DC71F009F8F78 /* 27.jpg in Resources */,
				88542A53179DC71F009F8F78 /* 65.jpg in Resources */,
				88542A41179DC71F009F8F78 /* 47.jpg in Resources */,
				88542A4C179DC71F009F8F78 /* 58.jpg in Resources */,
				88542A4E179DC71F009F8F78 /* 60.jpg in Resources */,
				88542A52179DC71F009F8F78 /* 64.jpg in Resources */,
				88542A37179DC71F009F8F78 /* 37.jpg in Resources */,
				88542A30179DC71F009F8F78 /* 30.jpg in Resources */,
				88542A4B179DC71F009F8F78 /* 57.jpg in Resources */,
				88542A4F179DC71F009F8F78 /* 61.jpg in Resources */,
				88542A1E179DC71F009F8F78 /* 12.jpg in Resources */,
				88542A1D179DC71F009F8F78 /* 11.jpg in Resources */,
				88542A44179DC71F009F8F78 /* 50.jpg in Resources */,
				88542A38179DC71F009F8F78 /* 38.jpg in Resources */,
				88542A43179DC71F009F8F78 /* 49.jpg in Resources */,
				88542A28179DC71F009F8F78 /* 22.jpg in Resources */,
				88542A39179DC71F009F8F78 /* 39.jpg in Resources */,
				88542A25179DC71F009F8F78 /* 19.jpg in Resources */,
				88542A16179DC71F009F8F78 /* 4.jpg in Resources */,
				88542A2E179DC71F009F8F78 /* 28.jpg in Resources */,
				88542A20179DC71F009F8F78 /* 14.jpg in Resources */,
				88542A13179DC71F009F8F78 /* 1.jpg in Resources */,
				88542A1F179DC71F009F8F78 /* 13.jpg in Resources */,
				88542A47179DC71F009F8F78 /* 53.jpg in Resources */,
				88542A14179DC71F009F8F78 /* 2.jpg in Resources */,
				88542A45179DC71F009F8F78 /* 51.jpg in Resources */,
				88542A3B179DC71F009F8F78 /* 41.jpg in Resources */,
				8858477017A08F6B00DD4979 /* failed.png in Resources */,
				88542A27179DC71F009F8F78 /* 21.jpg in Resources */,
				8858476917A038AF00DD4979 /* timer.png in Resources */,
				88542A40179DC71F009F8F78 /* 46.jpg in Resources */,
				88542A42179DC71F009F8F78 /* 48.jpg in Resources */,
				88542A15179DC71F009F8F78 /* 3.jpg in Resources */,
				88542A4A179DC71F009F8F78 /* 56.jpg in Resources */,
				88542A33179DC71F009F8F78 /* 33.jpg in Resources */,
				8858476F17A08F6B00DD4979 /* checkmark.png in Resources */,
				88542A2B179DC71F009F8F78 /* 25.jpg in Resources */,
				88542A19179DC71F009F8F78 /* 7.jpg in Resources */,
				88542A1B179DC71F009F8F78 /* 9.jpg in Resources */,
				88542A4D179DC71F009F8F78 /* 59.jpg in Resources */,
				88542A54179DC71F009F8F78 /* 66.jpg in Resources */,
				88542A2A179DC71F009F8F78 /* 24.jpg in Resources */,
				88542A49179DC71F009F8F78 /* 55.jpg in Resources */,
				88542A34179DC71F009F8F78 /* 34.jpg in Resources */,
				88DA4AE3179B82C9006ECD0A /* InfoPlist.strings in Resources */,
				88542A22179DC71F009F8F78 /* 16.jpg in Resources */,
				88542A35179DC71F009F8F78 /* 35.jpg in Resources */,
				88DA4AEB179B82C9006ECD0A /* Images.xcassets in Resources */,
				88542A21179DC71F009F8F78 /* 15.jpg in Resources */,
			);
			runOnlyForDeploymentPostprocessing = 0;
		};
		88DA4AEE179B82C9006ECD0A /* Resources */ = {
			isa = PBXResourcesBuildPhase;
			buildActionMask = 2147483647;
			files = (
				88DA4AFC179B82C9006ECD0A /* InfoPlist.strings in Resources */,
			);
			runOnlyForDeploymentPostprocessing = 0;
		};
/* End PBXResourcesBuildPhase section */

/* Begin PBXShellScriptBuildPhase section */
		17466A7CC0A3457282A85BB1 /* Check Pods Manifest.lock */ = {
			isa = PBXShellScriptBuildPhase;
			buildActionMask = 2147483647;
			files = (
			);
			inputPaths = (
			);
			name = "Check Pods Manifest.lock";
			outputPaths = (
			);
			runOnlyForDeploymentPostprocessing = 0;
			shellPath = /bin/sh;
			shellScript = "diff \"${PODS_ROOT}/../Podfile.lock\" \"${PODS_ROOT}/Manifest.lock\" > /dev/null\nif [[ $? != 0 ]] ; then\n    cat << EOM\nerror: The sandbox is not in sync with the Podfile.lock. Run 'pod install' or update your CocoaPods installation.\nEOM\n    exit 1\nfi\n";
			showEnvVarsInLog = 0;
		};
		C554DB46FBB64F51BD254378 /* Copy Pods Resources */ = {
			isa = PBXShellScriptBuildPhase;
			buildActionMask = 2147483647;
			files = (
			);
			inputPaths = (
			);
			name = "Copy Pods Resources";
			outputPaths = (
			);
			runOnlyForDeploymentPostprocessing = 0;
			shellPath = /bin/sh;
			shellScript = "\"${SRCROOT}/Pods/Pods-resources.sh\"\n";
			showEnvVarsInLog = 0;
		};
/* End PBXShellScriptBuildPhase section */

/* Begin PBXSourcesBuildPhase section */
		88DA4AD1179B82C9006ECD0A /* Sources */ = {
			isa = PBXSourcesBuildPhase;
			buildActionMask = 2147483647;
			files = (
				8858477617A1EC3100DD4979 /* ParticipantTableCell.m in Sources */,
				88DD55D717A583E300954C01 /* Contact.m in Sources */,
				8858477317A1E5D500DD4979 /* ParticipantsViewController.m in Sources */,
				88DA4B0E179B84A2006ECD0A /* ConversationsViewController.m in Sources */,
				8858476C17A05F0B00DD4979 /* BubbleNibView.m in Sources */,
				88DA4B11179B860A006ECD0A /* RootNavigationController.m in Sources */,
				88DD55DA17A583E300954C01 /* Conversation.m in Sources */,
				885429D0179DB6CF009F8F78 /* ConversationTitleView.m in Sources */,
				880221D217A4576B004B3ED8 /* DataModel.xcdatamodeld in Sources */,
				8858477917A20ACB00DD4979 /* ConversationsCell.m in Sources */,
				885429CB179DA471009F8F78 /* ConversationViewController.m in Sources */,
				88DD55D417A583E200954C01 /* Message.m in Sources */,
				88FFA67C179C3D4400B1F3BB /* ContactsViewController.m in Sources */,
				88DA4AE9179B82C9006ECD0A /* AppDelegate.m in Sources */,
				88DA4AE5179B82C9006ECD0A /* main.m in Sources */,
				88542A5E179EFF88009F8F78 /* ConversationViewTableCell.m in Sources */,
				885429C4179CAB12009F8F78 /* ContactTableCell.m in Sources */,
			);
			runOnlyForDeploymentPostprocessing = 0;
		};
		88DA4AEC179B82C9006ECD0A /* Sources */ = {
			isa = PBXSourcesBuildPhase;
			buildActionMask = 2147483647;
			files = (
				88DA4AFE179B82C9006ECD0A /* MessagesTests.m in Sources */,
			);
			runOnlyForDeploymentPostprocessing = 0;
		};
/* End PBXSourcesBuildPhase section */

/* Begin PBXTargetDependency section */
		88DA4AF6179B82C9006ECD0A /* PBXTargetDependency */ = {
			isa = PBXTargetDependency;
			target = 88DA4AD4179B82C9006ECD0A /* Messages */;
			targetProxy = 88DA4AF5179B82C9006ECD0A /* PBXContainerItemProxy */;
		};
/* End PBXTargetDependency section */

/* Begin PBXVariantGroup section */
		88DA4AE1179B82C9006ECD0A /* InfoPlist.strings */ = {
			isa = PBXVariantGroup;
			children = (
				88DA4AE2179B82C9006ECD0A /* en */,
			);
			name = InfoPlist.strings;
			sourceTree = "<group>";
		};
		88DA4AFA179B82C9006ECD0A /* InfoPlist.strings */ = {
			isa = PBXVariantGroup;
			children = (
				88DA4AFB179B82C9006ECD0A /* en */,
			);
			name = InfoPlist.strings;
			sourceTree = "<group>";
		};
/* End PBXVariantGroup section */

/* Begin XCBuildConfiguration section */
		88DA4AFF179B82C9006ECD0A /* Debug */ = {
			isa = XCBuildConfiguration;
			buildSettings = {
				ALWAYS_SEARCH_USER_PATHS = NO;
				CLANG_CXX_LANGUAGE_STANDARD = "gnu++0x";
				CLANG_CXX_LIBRARY = "libc++";
				CLANG_ENABLE_MODULES = YES;
				CLANG_ENABLE_OBJC_ARC = YES;
				CLANG_WARN_BOOL_CONVERSION = YES;
				CLANG_WARN_CONSTANT_CONVERSION = YES;
				CLANG_WARN_DIRECT_OBJC_ISA_USAGE = YES_ERROR;
				CLANG_WARN_EMPTY_BODY = YES;
				CLANG_WARN_ENUM_CONVERSION = YES;
				CLANG_WARN_INT_CONVERSION = YES;
				CLANG_WARN_OBJC_ROOT_CLASS = YES_ERROR;
				CLANG_WARN__DUPLICATE_METHOD_MATCH = YES;
				"CODE_SIGN_IDENTITY[sdk=iphoneos*]" = "iPhone Developer";
				COPY_PHASE_STRIP = NO;
				GCC_C_LANGUAGE_STANDARD = gnu99;
				GCC_DYNAMIC_NO_PIC = NO;
				GCC_OPTIMIZATION_LEVEL = 0;
				GCC_PREPROCESSOR_DEFINITIONS = (
					"DEBUG=1",
					"$(inherited)",
				);
				GCC_SYMBOLS_PRIVATE_EXTERN = NO;
				GCC_WARN_ABOUT_RETURN_TYPE = YES_ERROR;
				GCC_WARN_UNDECLARED_SELECTOR = YES;
				GCC_WARN_UNINITIALIZED_AUTOS = YES;
				GCC_WARN_UNUSED_FUNCTION = YES;
				GCC_WARN_UNUSED_VARIABLE = YES;
				IPHONEOS_DEPLOYMENT_TARGET = 7.0;
				ONLY_ACTIVE_ARCH = YES;
				SDKROOT = iphoneos;
			};
			name = Debug;
		};
		88DA4B00179B82C9006ECD0A /* Release */ = {
			isa = XCBuildConfiguration;
			buildSettings = {
				ALWAYS_SEARCH_USER_PATHS = NO;
				CLANG_CXX_LANGUAGE_STANDARD = "gnu++0x";
				CLANG_CXX_LIBRARY = "libc++";
				CLANG_ENABLE_MODULES = YES;
				CLANG_ENABLE_OBJC_ARC = YES;
				CLANG_WARN_BOOL_CONVERSION = YES;
				CLANG_WARN_CONSTANT_CONVERSION = YES;
				CLANG_WARN_DIRECT_OBJC_ISA_USAGE = YES_ERROR;
				CLANG_WARN_EMPTY_BODY = YES;
				CLANG_WARN_ENUM_CONVERSION = YES;
				CLANG_WARN_INT_CONVERSION = YES;
				CLANG_WARN_OBJC_ROOT_CLASS = YES_ERROR;
				CLANG_WARN__DUPLICATE_METHOD_MATCH = YES;
				"CODE_SIGN_IDENTITY[sdk=iphoneos*]" = "iPhone Developer";
				COPY_PHASE_STRIP = YES;
				ENABLE_NS_ASSERTIONS = NO;
				GCC_C_LANGUAGE_STANDARD = gnu99;
				GCC_WARN_ABOUT_RETURN_TYPE = YES_ERROR;
				GCC_WARN_UNDECLARED_SELECTOR = YES;
				GCC_WARN_UNINITIALIZED_AUTOS = YES;
				GCC_WARN_UNUSED_FUNCTION = YES;
				GCC_WARN_UNUSED_VARIABLE = YES;
				IPHONEOS_DEPLOYMENT_TARGET = 7.0;
				SDKROOT = iphoneos;
				VALIDATE_PRODUCT = YES;
			};
			name = Release;
		};
		88DA4B02179B82C9006ECD0A /* Debug */ = {
			isa = XCBuildConfiguration;
			baseConfigurationReference = 1F607D9D0B604A2B8E920D38 /* Pods.xcconfig */;
			buildSettings = {
				ASSETCATALOG_COMPILER_APPICON_NAME = AppIcon;
				ASSETCATALOG_COMPILER_LAUNCHIMAGE_NAME = LaunchImage;
				GCC_PRECOMPILE_PREFIX_HEADER = YES;
				GCC_PREFIX_HEADER = "Messages/Messages-Prefix.pch";
				INFOPLIST_FILE = "Messages/Messages-Info.plist";
				MOMC_NO_INVERSE_RELATIONSHIP_WARNINGS = YES;
				PRODUCT_NAME = "$(TARGET_NAME)";
				"WARNING_CFLAGS[arch=*]" = (
					"-Wno-unused-macros",
					"-Wno-arc-repeated-use-of-weak",
					"-Wno-direct-ivar-access",
					"-Wno-objc-missing-property-synthesis",
					"-Wno-pedantic",
					"-Weverything",
				);
				WRAPPER_EXTENSION = app;
			};
			name = Debug;
		};
		88DA4B03179B82C9006ECD0A /* Release */ = {
			isa = XCBuildConfiguration;
			baseConfigurationReference = 1F607D9D0B604A2B8E920D38 /* Pods.xcconfig */;
			buildSettings = {
				ASSETCATALOG_COMPILER_APPICON_NAME = AppIcon;
				ASSETCATALOG_COMPILER_LAUNCHIMAGE_NAME = LaunchImage;
				GCC_PRECOMPILE_PREFIX_HEADER = YES;
				GCC_PREFIX_HEADER = "Messages/Messages-Prefix.pch";
				INFOPLIST_FILE = "Messages/Messages-Info.plist";
				MOMC_NO_INVERSE_RELATIONSHIP_WARNINGS = YES;
				PRODUCT_NAME = "$(TARGET_NAME)";
				WRAPPER_EXTENSION = app;
			};
			name = Release;
		};
		88DA4B05179B82C9006ECD0A /* Debug */ = {
			isa = XCBuildConfiguration;
			buildSettings = {
				BUNDLE_LOADER = "$(BUILT_PRODUCTS_DIR)/Messages.app/Messages";
				FRAMEWORK_SEARCH_PATHS = (
					"$(SDKROOT)/Developer/Library/Frameworks",
					"$(inherited)",
					"$(SYSTEM_APPS_DIR)/Xcode5-DP3.app/Contents/Developer/Library/Frameworks",
				);
				GCC_PRECOMPILE_PREFIX_HEADER = YES;
				GCC_PREFIX_HEADER = "Messages/Messages-Prefix.pch";
				GCC_PREPROCESSOR_DEFINITIONS = (
					"DEBUG=1",
					"$(inherited)",
				);
				INFOPLIST_FILE = "MessagesTests/MessagesTests-Info.plist";
				PRODUCT_NAME = "$(TARGET_NAME)";
				TEST_HOST = "$(BUNDLE_LOADER)";
				WRAPPER_EXTENSION = xctest;
			};
			name = Debug;
		};
		88DA4B06179B82C9006ECD0A /* Release */ = {
			isa = XCBuildConfiguration;
			buildSettings = {
				BUNDLE_LOADER = "$(BUILT_PRODUCTS_DIR)/Messages.app/Messages";
				FRAMEWORK_SEARCH_PATHS = (
					"$(SDKROOT)/Developer/Library/Frameworks",
					"$(inherited)",
					"$(SYSTEM_APPS_DIR)/Xcode5-DP3.app/Contents/Developer/Library/Frameworks",
				);
				GCC_PRECOMPILE_PREFIX_HEADER = YES;
				GCC_PREFIX_HEADER = "Messages/Messages-Prefix.pch";
				INFOPLIST_FILE = "MessagesTests/MessagesTests-Info.plist";
				PRODUCT_NAME = "$(TARGET_NAME)";
				TEST_HOST = "$(BUNDLE_LOADER)";
				WRAPPER_EXTENSION = xctest;
			};
			name = Release;
		};
/* End XCBuildConfiguration section */

/* Begin XCConfigurationList section */
		88DA4AD0179B82C9006ECD0A /* Build configuration list for PBXProject "Messages" */ = {
			isa = XCConfigurationList;
			buildConfigurations = (
				88DA4AFF179B82C9006ECD0A /* Debug */,
				88DA4B00179B82C9006ECD0A /* Release */,
			);
			defaultConfigurationIsVisible = 0;
			defaultConfigurationName = Release;
		};
		88DA4B01179B82C9006ECD0A /* Build configuration list for PBXNativeTarget "Messages" */ = {
			isa = XCConfigurationList;
			buildConfigurations = (
				88DA4B02179B82C9006ECD0A /* Debug */,
				88DA4B03179B82C9006ECD0A /* Release */,
			);
			defaultConfigurationIsVisible = 0;
			defaultConfigurationName = Release;
		};
		88DA4B04179B82C9006ECD0A /* Build configuration list for PBXNativeTarget "MessagesTests" */ = {
			isa = XCConfigurationList;
			buildConfigurations = (
				88DA4B05179B82C9006ECD0A /* Debug */,
				88DA4B06179B82C9006ECD0A /* Release */,
			);
			defaultConfigurationIsVisible = 0;
			defaultConfigurationName = Release;
		};
/* End XCConfigurationList section */

/* Begin XCVersionGroup section */
		880221D017A4576B004B3ED8 /* DataModel.xcdatamodeld */ = {
			isa = XCVersionGroup;
			children = (
				880221D117A4576B004B3ED8 /* DataModel.xcdatamodel */,
			);
			currentVersion = 880221D117A4576B004B3ED8 /* DataModel.xcdatamodel */;
			path = DataModel.xcdatamodeld;
			sourceTree = "<group>";
			versionGroupType = wrapper.xcdatamodel;
		};
/* End XCVersionGroup section */
	};
	rootObject = 88DA4ACD179B82C9006ECD0A /* Project object */;
}
